// !$*UTF8*$!
{
	archiveVersion = 1;
	classes = {
	};
	objectVersion = 76;
	objects = {

/* Begin PBXBuildFile section */
		36CAE2AE2E6D935800DF41A8 /* YouTubeiOSPlayerHelper in Frameworks */ = {isa = PBXBuildFile; productRef = 36CAE2AD2E6D935800DF41A8 /* YouTubeiOSPlayerHelper */; };
		36CAE2B02E6D935B00DF41A8 /* SnapKit in Frameworks */ = {isa = PBXBuildFile; productRef = 36CAE2AF2E6D935B00DF41A8 /* SnapKit */; };
		36CAE2B22E6D935E00DF41A8 /* Alamofire in Frameworks */ = {isa = PBXBuildFile; productRef = 36CAE2B12E6D935E00DF41A8 /* Alamofire */; };
		36CAE2B52E6D93A600DF41A8 /* Kingfisher in Frameworks */ = {isa = PBXBuildFile; productRef = 36CAE2B42E6D93A600DF41A8 /* Kingfisher */; };
/* End PBXBuildFile section */

/* Begin PBXContainerItemProxy section */
		36AAECC02C198E3E00532AF5 /* PBXContainerItemProxy */ = {
			isa = PBXContainerItemProxy;
			containerPortal = 36AAECA12C198E3D00532AF5 /* Project object */;
			proxyType = 1;
			remoteGlobalIDString = 36AAECA82C198E3D00532AF5;
			remoteInfo = YoutubeChat;
		};
		36AAECCA2C198E3E00532AF5 /* PBXContainerItemProxy */ = {
			isa = PBXContainerItemProxy;
			containerPortal = 36AAECA12C198E3D00532AF5 /* Project object */;
			proxyType = 1;
			remoteGlobalIDString = 36AAECA82C198E3D00532AF5;
			remoteInfo = YoutubeChat;
		};
/* End PBXContainerItemProxy section */

/* Begin PBXFileReference section */
		36AAECA92C198E3D00532AF5 /* YoutubeChat.app */ = {isa = PBXFileReference; explicitFileType = wrapper.application; includeInIndex = 0; path = YoutubeChat.app; sourceTree = BUILT_PRODUCTS_DIR; };
		36AAECBF2C198E3E00532AF5 /* YoutubeChatTests.xctest */ = {isa = PBXFileReference; explicitFileType = wrapper.cfbundle; includeInIndex = 0; path = YoutubeChatTests.xctest; sourceTree = BUILT_PRODUCTS_DIR; };
		36AAECC92C198E3E00532AF5 /* YoutubeChatUITests.xctest */ = {isa = PBXFileReference; explicitFileType = wrapper.cfbundle; includeInIndex = 0; path = YoutubeChatUITests.xctest; sourceTree = BUILT_PRODUCTS_DIR; };
/* End PBXFileReference section */

/* Begin PBXFileSystemSynchronizedBuildFileExceptionSet section */
		36E1D1312E82E5E9005B6DC1 /* PBXFileSystemSynchronizedBuildFileExceptionSet */ = {
			isa = PBXFileSystemSynchronizedBuildFileExceptionSet;
			membershipExceptions = (
				/Localized/Resource/LaunchScreen.storyboard,
				"Extensions/Extenion+ScrollView.swift",
				"Extensions/Extension+Color.swift",
				"Extensions/Extension+Font.swift",
				"Extensions/Extension+Label.swift",
				"Extensions/Extension+Notification.Name.swift",
				"Extensions/Extension+UIImage.swift",
				"Extensions/Extension+UIImageView.swift",
				Features/Chat/ViewController/ChatMenuViewController.swift,
				Features/Chat/ViewController/ChatMenuViewController.xib,
				Features/Chat/ViewController/ChatRoomInfoViewController.swift,
				Features/Chat/ViewController/ChatRoomInfoViewController.xib,
				Features/Chat/ViewController/ChatViewController.swift,
				Features/Chat/ViewController/ChatViewController.xib,
				Features/Chat/ViewController/CreateChatRoomViewController.swift,
				Features/Chat/ViewController/CreateChatRoomViewController.xib,
				Features/Chat/ViewController/ImageViewController.swift,
				Features/Chat/ViewController/ImageViewController.xib,
				Features/Chat/ViewController/PlaylistViewController.swift,
				Features/Chat/ViewController/PlaylistViewController.xib,
				Features/Chat/ViewModel/ChatViewModel.swift,
				Features/Chat/ViewModel/SearchViewModel.swift,
				Features/Chat/ViewModel/YoutubeViewModel.swift,
				Features/Chat/Views/Cell/ChatOptionCollectionViewCell.swift,
				Features/Chat/Views/Cell/ChatTableViewCell.swift,
				Features/Chat/Views/Cell/ChatTableViewCell.xib,
				Features/Chat/Views/Cell/ChatWithProfileTableViewCell.swift,
				Features/Chat/Views/Cell/ChatWithProfileTableViewCell.xib,
				Features/Chat/Views/Cell/GroupChatTableViewCell.swift,
				Features/Chat/Views/Cell/GroupChatTableViewCell.xib,
				Features/Chat/Views/Cell/ImageChatTableViewCell.swift,
				Features/Chat/Views/Cell/ImageChatTableViewCell.xib,
				Features/Chat/Views/Cell/ImageChatWithProfileTableViewCell.swift,
				Features/Chat/Views/Cell/ImageChatWithProfileTableViewCell.xib,
				Features/Chat/Views/Cell/PlayListTableViewCell.swift,
				Features/Chat/Views/Cell/PlayListTableViewCell.xib,
				Features/Chat/Views/Cell/ProfileTableViewCell.swift,
				Features/Chat/Views/Cell/ProfileTableViewCell.xib,
				Features/Chat/Views/Cell/SystemChatTableViewCell.swift,
				Features/Chat/Views/ChatRoomImageView.swift,
				Features/Chat/Views/ChatTextView.swift,
				Features/Chat/Views/ImageChatView.swift,
				Features/Chat/Views/ImageConfirmButton.swift,
				Features/Chat/Views/YoutubeView.swift,
				Features/Common/Managers/DeepLinkManager.swift,
				Features/Common/ViewController/BaseNavigationController.swift,
				Features/Common/ViewController/BaseViewController.swift,
				Features/Common/Views/ClearButton.swift,
				Features/Common/Views/ConfirmButton.swift,
				Features/Common/Views/InputTextField.swift,
				Features/Common/Views/InputTextView.swift,
				Features/Common/Views/MessageLabel.swift,
				Features/Common/Views/SDGothicButton.swift,
				Features/Common/Views/SDGothicLabel.swift,
				Features/Common/Views/SDGothicTextView.swift,
				Features/Common/Views/TransitionAnimation.swift,
				Features/Common/Views/URLInputTextField.swift,
				Features/Main/ViewController/MainViewController.swift,
				Features/Main/ViewController/MainViewController.xib,
				Features/Profile/Manager/ProfileManager.swift,
				Features/Profile/ViewController/ConfirmImageViewController.swift,
				Features/Profile/ViewController/ConfirmImageViewController.xib,
				Features/Profile/ViewController/EditImageViewController.swift,
				Features/Profile/ViewController/EditImageViewController.xib,
				Features/Profile/ViewController/EditProfileTextViewController.swift,
				Features/Profile/ViewController/EditProfileTextViewController.xib,
				Features/Profile/ViewController/ProfileInfoViewController.swift,
				Features/Profile/ViewController/ProfileInfoViewController.xib,
				Features/Profile/ViewController/ProfileViewController.swift,
				Features/Profile/ViewController/ProfileViewController.xib,
				Features/Profile/ViewModel/ProfileViewModel.swift,
				Features/Profile/Views/ImageButton.swift,
				Features/Profile/Views/ProfileImageView.swift,
				Features/Profile/Views/ProfileView.swift,
				Features/Search/ViewController/SearchChatRoomViewController.swift,
				Features/Search/ViewController/SearchChatRoomViewController.xib,
				Features/Search/Views/SearchTextField.swift,
				Models/CategoryData.swift,
				Models/ChatOption.swift,
				Models/ChatRoom.swift,
				Models/Colors.swift,
				Models/GroupChatData.swift,
				Models/Message.swift,
				Models/RequestData.swift,
				Models/ResponseData.swift,
				Models/User.swift,
				Models/Video.swift,
				Network/Errors.swift,
				Network/NetworkConfig.swift,
				Network/NetworkManager.swift,
				Network/URLManager.swift,
				Network/WebSocketManager.swift,
				Persistence/CoreDataManager.swift,
				Persistence/MyChat.swift,
				Resource/AppDelegate.swift,
				Resource/Assets.xcassets,
				Resource/SceneDelegate.swift,
			);
			target = 36AAECA82C198E3D00532AF5 /* YoutubeChat */;
		};
		36E1D1332E82E5E9005B6DC1 /* PBXFileSystemSynchronizedBuildFileExceptionSet */ = {
			isa = PBXFileSystemSynchronizedBuildFileExceptionSet;
			membershipExceptions = (
				/Localized/Resource/LaunchScreen.storyboard,
				"Extensions/Extenion+ScrollView.swift",
				"Extensions/Extension+Color.swift",
				"Extensions/Extension+Font.swift",
				"Extensions/Extension+Label.swift",
				"Extensions/Extension+Notification.Name.swift",
				"Extensions/Extension+UIImage.swift",
				"Extensions/Extension+UIImageView.swift",
				Features/Chat/ViewController/ChatMenuViewController.swift,
				Features/Chat/ViewController/ChatMenuViewController.xib,
				Features/Chat/ViewController/ChatRoomInfoViewController.swift,
				Features/Chat/ViewController/ChatRoomInfoViewController.xib,
				Features/Chat/ViewController/ChatViewController.swift,
				Features/Chat/ViewController/ChatViewController.xib,
				Features/Chat/ViewController/CreateChatRoomViewController.swift,
				Features/Chat/ViewController/CreateChatRoomViewController.xib,
				Features/Chat/ViewController/ImageViewController.swift,
				Features/Chat/ViewController/ImageViewController.xib,
				Features/Chat/ViewController/PlaylistViewController.swift,
				Features/Chat/ViewController/PlaylistViewController.xib,
				Features/Chat/ViewModel/ChatViewModel.swift,
				Features/Chat/ViewModel/SearchViewModel.swift,
				Features/Chat/ViewModel/YoutubeViewModel.swift,
				Features/Chat/Views/Cell/ChatOptionCollectionViewCell.swift,
				Features/Chat/Views/Cell/ChatTableViewCell.swift,
				Features/Chat/Views/Cell/ChatTableViewCell.xib,
				Features/Chat/Views/Cell/ChatWithProfileTableViewCell.swift,
				Features/Chat/Views/Cell/ChatWithProfileTableViewCell.xib,
				Features/Chat/Views/Cell/GroupChatTableViewCell.swift,
				Features/Chat/Views/Cell/GroupChatTableViewCell.xib,
				Features/Chat/Views/Cell/ImageChatTableViewCell.swift,
				Features/Chat/Views/Cell/ImageChatTableViewCell.xib,
				Features/Chat/Views/Cell/ImageChatWithProfileTableViewCell.swift,
				Features/Chat/Views/Cell/ImageChatWithProfileTableViewCell.xib,
				Features/Chat/Views/Cell/PlayListTableViewCell.swift,
				Features/Chat/Views/Cell/PlayListTableViewCell.xib,
				Features/Chat/Views/Cell/ProfileTableViewCell.swift,
				Features/Chat/Views/Cell/ProfileTableViewCell.xib,
				Features/Chat/Views/Cell/SystemChatTableViewCell.swift,
				Features/Chat/Views/ChatRoomImageView.swift,
				Features/Chat/Views/ChatTextView.swift,
				Features/Chat/Views/ImageChatView.swift,
				Features/Chat/Views/ImageConfirmButton.swift,
				Features/Chat/Views/YoutubeView.swift,
				Features/Common/Managers/DeepLinkManager.swift,
				Features/Common/ViewController/BaseNavigationController.swift,
				Features/Common/ViewController/BaseViewController.swift,
				Features/Common/Views/ClearButton.swift,
				Features/Common/Views/ConfirmButton.swift,
				Features/Common/Views/InputTextField.swift,
				Features/Common/Views/InputTextView.swift,
				Features/Common/Views/MessageLabel.swift,
				Features/Common/Views/SDGothicButton.swift,
				Features/Common/Views/SDGothicLabel.swift,
				Features/Common/Views/SDGothicTextView.swift,
				Features/Common/Views/TransitionAnimation.swift,
				Features/Common/Views/URLInputTextField.swift,
				Features/Main/ViewController/MainViewController.swift,
				Features/Main/ViewController/MainViewController.xib,
				Features/Profile/Manager/ProfileManager.swift,
				Features/Profile/ViewController/ConfirmImageViewController.swift,
				Features/Profile/ViewController/ConfirmImageViewController.xib,
				Features/Profile/ViewController/EditImageViewController.swift,
				Features/Profile/ViewController/EditImageViewController.xib,
				Features/Profile/ViewController/EditProfileTextViewController.swift,
				Features/Profile/ViewController/EditProfileTextViewController.xib,
				Features/Profile/ViewController/ProfileInfoViewController.swift,
				Features/Profile/ViewController/ProfileInfoViewController.xib,
				Features/Profile/ViewController/ProfileViewController.swift,
				Features/Profile/ViewController/ProfileViewController.xib,
				Features/Profile/ViewModel/ProfileViewModel.swift,
				Features/Profile/Views/ImageButton.swift,
				Features/Profile/Views/ProfileImageView.swift,
				Features/Profile/Views/ProfileView.swift,
				Features/Search/ViewController/SearchChatRoomViewController.swift,
				Features/Search/ViewController/SearchChatRoomViewController.xib,
				Features/Search/Views/SearchTextField.swift,
				Models/CategoryData.swift,
				Models/ChatOption.swift,
				Models/ChatRoom.swift,
				Models/Colors.swift,
				Models/GroupChatData.swift,
				Models/Message.swift,
				Models/RequestData.swift,
				Models/ResponseData.swift,
				Models/User.swift,
				Models/Video.swift,
				Network/Errors.swift,
				Network/NetworkConfig.swift,
				Network/NetworkManager.swift,
				Network/URLManager.swift,
				Network/WebSocketManager.swift,
				Persistence/CoreDataManager.swift,
				Persistence/MyChat.swift,
				Persistence/YoutubeChat.xcdatamodeld,
				Resource/AppDelegate.swift,
				Resource/Assets.xcassets,
				Resource/Info.plist,
				Resource/SceneDelegate.swift,
			);
			target = 36AAECBE2C198E3E00532AF5 /* YoutubeChatTests */;
		};
/* End PBXFileSystemSynchronizedBuildFileExceptionSet section */

/* Begin PBXFileSystemSynchronizedGroupBuildPhaseMembershipExceptionSet section */
		36E1D1322E82E5E9005B6DC1 /* PBXFileSystemSynchronizedGroupBuildPhaseMembershipExceptionSet */ = {
			isa = PBXFileSystemSynchronizedGroupBuildPhaseMembershipExceptionSet;
			buildPhase = 36AAECA52C198E3D00532AF5 /* Sources */;
			membershipExceptions = (
				Persistence/YoutubeChat.xcdatamodeld,
			);
		};
/* End PBXFileSystemSynchronizedGroupBuildPhaseMembershipExceptionSet section */

/* Begin PBXFileSystemSynchronizedRootGroup section */
		36E1CEC62E82E585005B6DC1 /* YoutubeChatTests */ = {isa = PBXFileSystemSynchronizedRootGroup; explicitFileTypes = {}; explicitFolders = (); path = YoutubeChatTests; sourceTree = "<group>"; };
		36E1CECA2E82E585005B6DC1 /* YoutubeChatUITests */ = {isa = PBXFileSystemSynchronizedRootGroup; explicitFileTypes = {}; explicitFolders = (); path = YoutubeChatUITests; sourceTree = "<group>"; };
		36E1D04D2E82E5E1005B6DC1 /* YoutubeChat */ = {isa = PBXFileSystemSynchronizedRootGroup; exceptions = (36E1D1312E82E5E9005B6DC1 /* PBXFileSystemSynchronizedBuildFileExceptionSet */, 36E1D1322E82E5E9005B6DC1 /* PBXFileSystemSynchronizedGroupBuildPhaseMembershipExceptionSet */, 36E1D1332E82E5E9005B6DC1 /* PBXFileSystemSynchronizedBuildFileExceptionSet */, ); explicitFileTypes = {}; explicitFolders = (); path = YoutubeChat; sourceTree = "<group>"; };
/* End PBXFileSystemSynchronizedRootGroup section */

/* Begin PBXFrameworksBuildPhase section */
		36AAECA62C198E3D00532AF5 /* Frameworks */ = {
			isa = PBXFrameworksBuildPhase;
			buildActionMask = 2147483647;
			files = (
				36CAE2B52E6D93A600DF41A8 /* Kingfisher in Frameworks */,
				36CAE2B22E6D935E00DF41A8 /* Alamofire in Frameworks */,
				36CAE2AE2E6D935800DF41A8 /* YouTubeiOSPlayerHelper in Frameworks */,
				36CAE2B02E6D935B00DF41A8 /* SnapKit in Frameworks */,
			);
			runOnlyForDeploymentPostprocessing = 0;
		};
		36AAECBC2C198E3E00532AF5 /* Frameworks */ = {
			isa = PBXFrameworksBuildPhase;
			buildActionMask = 2147483647;
			files = (
			);
			runOnlyForDeploymentPostprocessing = 0;
		};
		36AAECC62C198E3E00532AF5 /* Frameworks */ = {
			isa = PBXFrameworksBuildPhase;
			buildActionMask = 2147483647;
			files = (
			);
			runOnlyForDeploymentPostprocessing = 0;
		};
/* End PBXFrameworksBuildPhase section */

/* Begin PBXGroup section */
		36AAECA02C198E3D00532AF5 = {
			isa = PBXGroup;
			children = (
				36E1D04D2E82E5E1005B6DC1 /* YoutubeChat */,
				36E1CEC62E82E585005B6DC1 /* YoutubeChatTests */,
				36E1CECA2E82E585005B6DC1 /* YoutubeChatUITests */,
				36AAECAA2C198E3D00532AF5 /* Products */,
			);
			sourceTree = "<group>";
		};
		36AAECAA2C198E3D00532AF5 /* Products */ = {
			isa = PBXGroup;
			children = (
				36AAECA92C198E3D00532AF5 /* YoutubeChat.app */,
				36AAECBF2C198E3E00532AF5 /* YoutubeChatTests.xctest */,
				36AAECC92C198E3E00532AF5 /* YoutubeChatUITests.xctest */,
			);
			name = Products;
			sourceTree = "<group>";
		};
/* End PBXGroup section */

/* Begin PBXNativeTarget section */
		36AAECA82C198E3D00532AF5 /* YoutubeChat */ = {
			isa = PBXNativeTarget;
			buildConfigurationList = 36AAECD32C198E3E00532AF5 /* Build configuration list for PBXNativeTarget "YoutubeChat" */;
			buildPhases = (
				36AAECA52C198E3D00532AF5 /* Sources */,
				36AAECA62C198E3D00532AF5 /* Frameworks */,
				36AAECA72C198E3D00532AF5 /* Resources */,
			);
			buildRules = (
			);
			dependencies = (
			);
			name = YoutubeChat;
			packageProductDependencies = (
				36CAE2AD2E6D935800DF41A8 /* YouTubeiOSPlayerHelper */,
				36CAE2AF2E6D935B00DF41A8 /* SnapKit */,
				36CAE2B12E6D935E00DF41A8 /* Alamofire */,
				36CAE2B42E6D93A600DF41A8 /* Kingfisher */,
			);
			productName = YoutubeChat;
			productReference = 36AAECA92C198E3D00532AF5 /* YoutubeChat.app */;
			productType = "com.apple.product-type.application";
		};
		36AAECBE2C198E3E00532AF5 /* YoutubeChatTests */ = {
			isa = PBXNativeTarget;
			buildConfigurationList = 36AAECD62C198E3E00532AF5 /* Build configuration list for PBXNativeTarget "YoutubeChatTests" */;
			buildPhases = (
				36AAECBB2C198E3E00532AF5 /* Sources */,
				36AAECBC2C198E3E00532AF5 /* Frameworks */,
				36AAECBD2C198E3E00532AF5 /* Resources */,
			);
			buildRules = (
			);
			dependencies = (
				36AAECC12C198E3E00532AF5 /* PBXTargetDependency */,
			);
			fileSystemSynchronizedGroups = (
				36E1CEC62E82E585005B6DC1 /* YoutubeChatTests */,
				36E1D04D2E82E5E1005B6DC1 /* YoutubeChat */,
			);
			name = YoutubeChatTests;
			productName = YoutubeChatTests;
			productReference = 36AAECBF2C198E3E00532AF5 /* YoutubeChatTests.xctest */;
			productType = "com.apple.product-type.bundle.unit-test";
		};
		36AAECC82C198E3E00532AF5 /* YoutubeChatUITests */ = {
			isa = PBXNativeTarget;
			buildConfigurationList = 36AAECD92C198E3E00532AF5 /* Build configuration list for PBXNativeTarget "YoutubeChatUITests" */;
			buildPhases = (
				36AAECC52C198E3E00532AF5 /* Sources */,
				36AAECC62C198E3E00532AF5 /* Frameworks */,
				36AAECC72C198E3E00532AF5 /* Resources */,
			);
			buildRules = (
			);
			dependencies = (
				36AAECCB2C198E3E00532AF5 /* PBXTargetDependency */,
			);
			fileSystemSynchronizedGroups = (
				36E1CECA2E82E585005B6DC1 /* YoutubeChatUITests */,
			);
			name = YoutubeChatUITests;
			productName = YoutubeChatUITests;
			productReference = 36AAECC92C198E3E00532AF5 /* YoutubeChatUITests.xctest */;
			productType = "com.apple.product-type.bundle.ui-testing";
		};
/* End PBXNativeTarget section */

/* Begin PBXProject section */
		36AAECA12C198E3D00532AF5 /* Project object */ = {
			isa = PBXProject;
			attributes = {
				BuildIndependentTargetsInParallel = 1;
				LastSwiftUpdateCheck = 1520;
				LastUpgradeCheck = 1520;
				TargetAttributes = {
					36AAECA82C198E3D00532AF5 = {
						CreatedOnToolsVersion = 15.2;
					};
					36AAECBE2C198E3E00532AF5 = {
						CreatedOnToolsVersion = 15.2;
						TestTargetID = 36AAECA82C198E3D00532AF5;
					};
					36AAECC82C198E3E00532AF5 = {
						CreatedOnToolsVersion = 15.2;
						TestTargetID = 36AAECA82C198E3D00532AF5;
					};
				};
			};
			buildConfigurationList = 36AAECA42C198E3D00532AF5 /* Build configuration list for PBXProject "YoutubeChat" */;
			developmentRegion = en;
			hasScannedForEncodings = 0;
			knownRegions = (
				en,
				Base,
			);
			mainGroup = 36AAECA02C198E3D00532AF5;
			packageReferences = (
				361CB1272E6D90D5001E7540 /* XCRemoteSwiftPackageReference "Alamofire" */,
				361CB1282E6D90E6001E7540 /* XCRemoteSwiftPackageReference "SnapKit" */,
				36CAE2AC2E6D92D000DF41A8 /* XCRemoteSwiftPackageReference "youtube-ios-player-helper" */,
				36CAE2B32E6D938E00DF41A8 /* XCRemoteSwiftPackageReference "Kingfisher" */,
			);
			preferredProjectObjectVersion = 55;
			productRefGroup = 36AAECAA2C198E3D00532AF5 /* Products */;
			projectDirPath = "";
			projectRoot = "";
			targets = (
				36AAECA82C198E3D00532AF5 /* YoutubeChat */,
				36AAECBE2C198E3E00532AF5 /* YoutubeChatTests */,
				36AAECC82C198E3E00532AF5 /* YoutubeChatUITests */,
			);
		};
/* End PBXProject section */

/* Begin PBXResourcesBuildPhase section */
		36AAECA72C198E3D00532AF5 /* Resources */ = {
			isa = PBXResourcesBuildPhase;
			buildActionMask = 2147483647;
			files = (
			);
			runOnlyForDeploymentPostprocessing = 0;
		};
		36AAECBD2C198E3E00532AF5 /* Resources */ = {
			isa = PBXResourcesBuildPhase;
			buildActionMask = 2147483647;
			files = (
			);
			runOnlyForDeploymentPostprocessing = 0;
		};
		36AAECC72C198E3E00532AF5 /* Resources */ = {
			isa = PBXResourcesBuildPhase;
			buildActionMask = 2147483647;
			files = (
			);
			runOnlyForDeploymentPostprocessing = 0;
		};
/* End PBXResourcesBuildPhase section */

/* Begin PBXSourcesBuildPhase section */
		36AAECA52C198E3D00532AF5 /* Sources */ = {
			isa = PBXSourcesBuildPhase;
			buildActionMask = 2147483647;
			files = (
			);
			runOnlyForDeploymentPostprocessing = 0;
		};
		36AAECBB2C198E3E00532AF5 /* Sources */ = {
			isa = PBXSourcesBuildPhase;
			buildActionMask = 2147483647;
			files = (
			);
			runOnlyForDeploymentPostprocessing = 0;
		};
		36AAECC52C198E3E00532AF5 /* Sources */ = {
			isa = PBXSourcesBuildPhase;
			buildActionMask = 2147483647;
			files = (
			);
			runOnlyForDeploymentPostprocessing = 0;
		};
/* End PBXSourcesBuildPhase section */

/* Begin PBXTargetDependency section */
		36AAECC12C198E3E00532AF5 /* PBXTargetDependency */ = {
			isa = PBXTargetDependency;
			target = 36AAECA82C198E3D00532AF5 /* YoutubeChat */;
			targetProxy = 36AAECC02C198E3E00532AF5 /* PBXContainerItemProxy */;
		};
		36AAECCB2C198E3E00532AF5 /* PBXTargetDependency */ = {
			isa = PBXTargetDependency;
			target = 36AAECA82C198E3D00532AF5 /* YoutubeChat */;
			targetProxy = 36AAECCA2C198E3E00532AF5 /* PBXContainerItemProxy */;
		};
/* End PBXTargetDependency section */

/* Begin XCBuildConfiguration section */
		36AAECD12C198E3E00532AF5 /* Debug */ = {
			isa = XCBuildConfiguration;
			buildSettings = {
				ALWAYS_SEARCH_USER_PATHS = NO;
				ASSETCATALOG_COMPILER_GENERATE_SWIFT_ASSET_SYMBOL_EXTENSIONS = YES;
				CLANG_ANALYZER_NONNULL = YES;
				CLANG_ANALYZER_NUMBER_OBJECT_CONVERSION = YES_AGGRESSIVE;
				CLANG_CXX_LANGUAGE_STANDARD = "gnu++20";
				CLANG_ENABLE_MODULES = YES;
				CLANG_ENABLE_OBJC_ARC = YES;
				CLANG_ENABLE_OBJC_WEAK = YES;
				CLANG_WARN_BLOCK_CAPTURE_AUTORELEASING = YES;
				CLANG_WARN_BOOL_CONVERSION = YES;
				CLANG_WARN_COMMA = YES;
				CLANG_WARN_CONSTANT_CONVERSION = YES;
				CLANG_WARN_DEPRECATED_OBJC_IMPLEMENTATIONS = YES;
				CLANG_WARN_DIRECT_OBJC_ISA_USAGE = YES_ERROR;
				CLANG_WARN_DOCUMENTATION_COMMENTS = YES;
				CLANG_WARN_EMPTY_BODY = YES;
				CLANG_WARN_ENUM_CONVERSION = YES;
				CLANG_WARN_INFINITE_RECURSION = YES;
				CLANG_WARN_INT_CONVERSION = YES;
				CLANG_WARN_NON_LITERAL_NULL_CONVERSION = YES;
				CLANG_WARN_OBJC_IMPLICIT_RETAIN_SELF = YES;
				CLANG_WARN_OBJC_LITERAL_CONVERSION = YES;
				CLANG_WARN_OBJC_ROOT_CLASS = YES_ERROR;
				CLANG_WARN_QUOTED_INCLUDE_IN_FRAMEWORK_HEADER = YES;
				CLANG_WARN_RANGE_LOOP_ANALYSIS = YES;
				CLANG_WARN_STRICT_PROTOTYPES = YES;
				CLANG_WARN_SUSPICIOUS_MOVE = YES;
				CLANG_WARN_UNGUARDED_AVAILABILITY = YES_AGGRESSIVE;
				CLANG_WARN_UNREACHABLE_CODE = YES;
				CLANG_WARN__DUPLICATE_METHOD_MATCH = YES;
				COPY_PHASE_STRIP = NO;
				DEBUG_INFORMATION_FORMAT = dwarf;
				ENABLE_STRICT_OBJC_MSGSEND = YES;
				ENABLE_TESTABILITY = YES;
				ENABLE_USER_SCRIPT_SANDBOXING = YES;
				GCC_C_LANGUAGE_STANDARD = gnu17;
				GCC_DYNAMIC_NO_PIC = NO;
				GCC_NO_COMMON_BLOCKS = YES;
				GCC_OPTIMIZATION_LEVEL = 0;
				GCC_PREPROCESSOR_DEFINITIONS = (
					"DEBUG=1",
					"$(inherited)",
				);
				GCC_WARN_64_TO_32_BIT_CONVERSION = YES;
				GCC_WARN_ABOUT_RETURN_TYPE = YES_ERROR;
				GCC_WARN_UNDECLARED_SELECTOR = YES;
				GCC_WARN_UNINITIALIZED_AUTOS = YES_AGGRESSIVE;
				GCC_WARN_UNUSED_FUNCTION = YES;
				GCC_WARN_UNUSED_VARIABLE = YES;
				IPHONEOS_DEPLOYMENT_TARGET = 16.5;
				LOCALIZATION_PREFERS_STRING_CATALOGS = YES;
				MTL_ENABLE_DEBUG_INFO = INCLUDE_SOURCE;
				MTL_FAST_MATH = YES;
				ONLY_ACTIVE_ARCH = YES;
				SDKROOT = iphoneos;
				SWIFT_ACTIVE_COMPILATION_CONDITIONS = "DEBUG $(inherited)";
				SWIFT_OPTIMIZATION_LEVEL = "-Onone";
			};
			name = Debug;
		};
		36AAECD22C198E3E00532AF5 /* Release */ = {
			isa = XCBuildConfiguration;
			buildSettings = {
				ALWAYS_SEARCH_USER_PATHS = NO;
				ASSETCATALOG_COMPILER_GENERATE_SWIFT_ASSET_SYMBOL_EXTENSIONS = YES;
				CLANG_ANALYZER_NONNULL = YES;
				CLANG_ANALYZER_NUMBER_OBJECT_CONVERSION = YES_AGGRESSIVE;
				CLANG_CXX_LANGUAGE_STANDARD = "gnu++20";
				CLANG_ENABLE_MODULES = YES;
				CLANG_ENABLE_OBJC_ARC = YES;
				CLANG_ENABLE_OBJC_WEAK = YES;
				CLANG_WARN_BLOCK_CAPTURE_AUTORELEASING = YES;
				CLANG_WARN_BOOL_CONVERSION = YES;
				CLANG_WARN_COMMA = YES;
				CLANG_WARN_CONSTANT_CONVERSION = YES;
				CLANG_WARN_DEPRECATED_OBJC_IMPLEMENTATIONS = YES;
				CLANG_WARN_DIRECT_OBJC_ISA_USAGE = YES_ERROR;
				CLANG_WARN_DOCUMENTATION_COMMENTS = YES;
				CLANG_WARN_EMPTY_BODY = YES;
				CLANG_WARN_ENUM_CONVERSION = YES;
				CLANG_WARN_INFINITE_RECURSION = YES;
				CLANG_WARN_INT_CONVERSION = YES;
				CLANG_WARN_NON_LITERAL_NULL_CONVERSION = YES;
				CLANG_WARN_OBJC_IMPLICIT_RETAIN_SELF = YES;
				CLANG_WARN_OBJC_LITERAL_CONVERSION = YES;
				CLANG_WARN_OBJC_ROOT_CLASS = YES_ERROR;
				CLANG_WARN_QUOTED_INCLUDE_IN_FRAMEWORK_HEADER = YES;
				CLANG_WARN_RANGE_LOOP_ANALYSIS = YES;
				CLANG_WARN_STRICT_PROTOTYPES = YES;
				CLANG_WARN_SUSPICIOUS_MOVE = YES;
				CLANG_WARN_UNGUARDED_AVAILABILITY = YES_AGGRESSIVE;
				CLANG_WARN_UNREACHABLE_CODE = YES;
				CLANG_WARN__DUPLICATE_METHOD_MATCH = YES;
				COPY_PHASE_STRIP = NO;
				DEBUG_INFORMATION_FORMAT = "dwarf-with-dsym";
				ENABLE_NS_ASSERTIONS = NO;
				ENABLE_STRICT_OBJC_MSGSEND = YES;
				ENABLE_USER_SCRIPT_SANDBOXING = YES;
				GCC_C_LANGUAGE_STANDARD = gnu17;
				GCC_NO_COMMON_BLOCKS = YES;
				GCC_WARN_64_TO_32_BIT_CONVERSION = YES;
				GCC_WARN_ABOUT_RETURN_TYPE = YES_ERROR;
				GCC_WARN_UNDECLARED_SELECTOR = YES;
				GCC_WARN_UNINITIALIZED_AUTOS = YES_AGGRESSIVE;
				GCC_WARN_UNUSED_FUNCTION = YES;
				GCC_WARN_UNUSED_VARIABLE = YES;
				IPHONEOS_DEPLOYMENT_TARGET = 16.5;
				LOCALIZATION_PREFERS_STRING_CATALOGS = YES;
				MTL_ENABLE_DEBUG_INFO = NO;
				MTL_FAST_MATH = YES;
				SDKROOT = iphoneos;
				SWIFT_COMPILATION_MODE = wholemodule;
				VALIDATE_PRODUCT = YES;
			};
			name = Release;
		};
		36AAECD42C198E3E00532AF5 /* Debug */ = {
			isa = XCBuildConfiguration;
			buildSettings = {
				ASSETCATALOG_COMPILER_APPICON_NAME = AppIcon;
				ASSETCATALOG_COMPILER_GLOBAL_ACCENT_COLOR_NAME = AccentColor;
				CODE_SIGN_STYLE = Automatic;
				CURRENT_PROJECT_VERSION = 1;
				DEVELOPMENT_TEAM = SG72AH33ZM;
				GENERATE_INFOPLIST_FILE = YES;
				INFOPLIST_FILE = YoutubeChat/Resource/Info.plist;
				INFOPLIST_KEY_CFBundleDisplayName = BeChat;
				INFOPLIST_KEY_UIApplicationSupportsIndirectInputEvents = YES;
				INFOPLIST_KEY_UILaunchStoryboardName = LaunchScreen;
				INFOPLIST_KEY_UIMainStoryboardFile = "";
				INFOPLIST_KEY_UISupportedInterfaceOrientations_iPad = "UIInterfaceOrientationPortrait UIInterfaceOrientationPortraitUpsideDown UIInterfaceOrientationLandscapeLeft UIInterfaceOrientationLandscapeRight";
				INFOPLIST_KEY_UISupportedInterfaceOrientations_iPhone = "UIInterfaceOrientationPortrait UIInterfaceOrientationLandscapeLeft UIInterfaceOrientationLandscapeRight";
				IPHONEOS_DEPLOYMENT_TARGET = 14.0;
				LD_RUNPATH_SEARCH_PATHS = (
					"$(inherited)",
					"@executable_path/Frameworks",
				);
				MARKETING_VERSION = 1.0;
				PRODUCT_BUNDLE_IDENTIFIER = com.8zipcore.YoutubeChat;
				PRODUCT_NAME = "$(TARGET_NAME)";
				SWIFT_EMIT_LOC_STRINGS = YES;
				SWIFT_VERSION = 5.0;
				TARGETED_DEVICE_FAMILY = "1,2";
			};
			name = Debug;
		};
		36AAECD52C198E3E00532AF5 /* Release */ = {
			isa = XCBuildConfiguration;
			buildSettings = {
				ASSETCATALOG_COMPILER_APPICON_NAME = AppIcon;
				ASSETCATALOG_COMPILER_GLOBAL_ACCENT_COLOR_NAME = AccentColor;
				CODE_SIGN_STYLE = Automatic;
				CURRENT_PROJECT_VERSION = 1;
				DEVELOPMENT_TEAM = SG72AH33ZM;
				GENERATE_INFOPLIST_FILE = YES;
				INFOPLIST_FILE = YoutubeChat/Resource/Info.plist;
				INFOPLIST_KEY_CFBundleDisplayName = BeChat;
				INFOPLIST_KEY_UIApplicationSupportsIndirectInputEvents = YES;
				INFOPLIST_KEY_UILaunchStoryboardName = LaunchScreen;
				INFOPLIST_KEY_UIMainStoryboardFile = "";
				INFOPLIST_KEY_UISupportedInterfaceOrientations_iPad = "UIInterfaceOrientationPortrait UIInterfaceOrientationPortraitUpsideDown UIInterfaceOrientationLandscapeLeft UIInterfaceOrientationLandscapeRight";
				INFOPLIST_KEY_UISupportedInterfaceOrientations_iPhone = "UIInterfaceOrientationPortrait UIInterfaceOrientationLandscapeLeft UIInterfaceOrientationLandscapeRight";
				IPHONEOS_DEPLOYMENT_TARGET = 14.0;
				LD_RUNPATH_SEARCH_PATHS = (
					"$(inherited)",
					"@executable_path/Frameworks",
				);
				MARKETING_VERSION = 1.0;
				PRODUCT_BUNDLE_IDENTIFIER = com.8zipcore.YoutubeChat;
				PRODUCT_NAME = "$(TARGET_NAME)";
				SWIFT_EMIT_LOC_STRINGS = YES;
				SWIFT_VERSION = 5.0;
				TARGETED_DEVICE_FAMILY = "1,2";
			};
			name = Release;
		};
		36AAECD72C198E3E00532AF5 /* Debug */ = {
			isa = XCBuildConfiguration;
			buildSettings = {
				BUNDLE_LOADER = "$(TEST_HOST)";
				CODE_SIGN_STYLE = Automatic;
				CURRENT_PROJECT_VERSION = 1;
				DEVELOPMENT_TEAM = SG72AH33ZM;
				GENERATE_INFOPLIST_FILE = YES;
				IPHONEOS_DEPLOYMENT_TARGET = 17.2;
				MARKETING_VERSION = 1.0;
				PRODUCT_BUNDLE_IDENTIFIER = com.8zipcore.YoutubeChatTests;
				PRODUCT_NAME = "$(TARGET_NAME)";
				SWIFT_EMIT_LOC_STRINGS = NO;
				SWIFT_VERSION = 5.0;
				TARGETED_DEVICE_FAMILY = "1,2";
				TEST_HOST = "$(BUILT_PRODUCTS_DIR)/YoutubeChat.app/$(BUNDLE_EXECUTABLE_FOLDER_PATH)/YoutubeChat";
			};
			name = Debug;
		};
		36AAECD82C198E3E00532AF5 /* Release */ = {
			isa = XCBuildConfiguration;
			buildSettings = {
				BUNDLE_LOADER = "$(TEST_HOST)";
				CODE_SIGN_STYLE = Automatic;
				CURRENT_PROJECT_VERSION = 1;
				DEVELOPMENT_TEAM = SG72AH33ZM;
				GENERATE_INFOPLIST_FILE = YES;
				IPHONEOS_DEPLOYMENT_TARGET = 17.2;
				MARKETING_VERSION = 1.0;
				PRODUCT_BUNDLE_IDENTIFIER = com.8zipcore.YoutubeChatTests;
				PRODUCT_NAME = "$(TARGET_NAME)";
				SWIFT_EMIT_LOC_STRINGS = NO;
				SWIFT_VERSION = 5.0;
				TARGETED_DEVICE_FAMILY = "1,2";
				TEST_HOST = "$(BUILT_PRODUCTS_DIR)/YoutubeChat.app/$(BUNDLE_EXECUTABLE_FOLDER_PATH)/YoutubeChat";
			};
			name = Release;
		};
		36AAECDA2C198E3E00532AF5 /* Debug */ = {
			isa = XCBuildConfiguration;
			buildSettings = {
				CODE_SIGN_STYLE = Automatic;
				CURRENT_PROJECT_VERSION = 1;
				DEVELOPMENT_TEAM = SG72AH33ZM;
				GENERATE_INFOPLIST_FILE = YES;
				MARKETING_VERSION = 1.0;
				PRODUCT_BUNDLE_IDENTIFIER = com.8zipcore.YoutubeChatUITests;
				PRODUCT_NAME = "$(TARGET_NAME)";
				SWIFT_EMIT_LOC_STRINGS = NO;
				SWIFT_VERSION = 5.0;
				TARGETED_DEVICE_FAMILY = "1,2";
				TEST_TARGET_NAME = YoutubeChat;
			};
			name = Debug;
		};
		36AAECDB2C198E3E00532AF5 /* Release */ = {
			isa = XCBuildConfiguration;
			buildSettings = {
				CODE_SIGN_STYLE = Automatic;
				CURRENT_PROJECT_VERSION = 1;
				DEVELOPMENT_TEAM = SG72AH33ZM;
				GENERATE_INFOPLIST_FILE = YES;
				MARKETING_VERSION = 1.0;
				PRODUCT_BUNDLE_IDENTIFIER = com.8zipcore.YoutubeChatUITests;
				PRODUCT_NAME = "$(TARGET_NAME)";
				SWIFT_EMIT_LOC_STRINGS = NO;
				SWIFT_VERSION = 5.0;
				TARGETED_DEVICE_FAMILY = "1,2";
				TEST_TARGET_NAME = YoutubeChat;
			};
			name = Release;
		};
/* End XCBuildConfiguration section */

/* Begin XCConfigurationList section */
		36AAECA42C198E3D00532AF5 /* Build configuration list for PBXProject "YoutubeChat" */ = {
			isa = XCConfigurationList;
			buildConfigurations = (
				36AAECD12C198E3E00532AF5 /* Debug */,
				36AAECD22C198E3E00532AF5 /* Release */,
			);
			defaultConfigurationIsVisible = 0;
			defaultConfigurationName = Release;
		};
		36AAECD32C198E3E00532AF5 /* Build configuration list for PBXNativeTarget "YoutubeChat" */ = {
			isa = XCConfigurationList;
			buildConfigurations = (
				36AAECD42C198E3E00532AF5 /* Debug */,
				36AAECD52C198E3E00532AF5 /* Release */,
			);
			defaultConfigurationIsVisible = 0;
			defaultConfigurationName = Release;
		};
		36AAECD62C198E3E00532AF5 /* Build configuration list for PBXNativeTarget "YoutubeChatTests" */ = {
			isa = XCConfigurationList;
			buildConfigurations = (
				36AAECD72C198E3E00532AF5 /* Debug */,
				36AAECD82C198E3E00532AF5 /* Release */,
			);
			defaultConfigurationIsVisible = 0;
			defaultConfigurationName = Release;
		};
		36AAECD92C198E3E00532AF5 /* Build configuration list for PBXNativeTarget "YoutubeChatUITests" */ = {
			isa = XCConfigurationList;
			buildConfigurations = (
				36AAECDA2C198E3E00532AF5 /* Debug */,
				36AAECDB2C198E3E00532AF5 /* Release */,
			);
			defaultConfigurationIsVisible = 0;
			defaultConfigurationName = Release;
		};
/* End XCConfigurationList section */

/* Begin XCRemoteSwiftPackageReference section */
		361CB1272E6D90D5001E7540 /* XCRemoteSwiftPackageReference "Alamofire" */ = {
			isa = XCRemoteSwiftPackageReference;
			repositoryURL = "https://github.com/Alamofire/Alamofire";
			requirement = {
				kind = upToNextMajorVersion;
				minimumVersion = 5.10.2;
			};
		};
		361CB1282E6D90E6001E7540 /* XCRemoteSwiftPackageReference "SnapKit" */ = {
			isa = XCRemoteSwiftPackageReference;
			repositoryURL = "https://github.com/SnapKit/SnapKit";
			requirement = {
				kind = upToNextMajorVersion;
				minimumVersion = 5.7.1;
			};
		};
		36CAE2AC2E6D92D000DF41A8 /* XCRemoteSwiftPackageReference "youtube-ios-player-helper" */ = {
			isa = XCRemoteSwiftPackageReference;
			repositoryURL = "https://github.com/youtube/youtube-ios-player-helper";
			requirement = {
				kind = upToNextMajorVersion;
				minimumVersion = 1.0.4;
			};
		};
		36CAE2B32E6D938E00DF41A8 /* XCRemoteSwiftPackageReference "Kingfisher" */ = {
			isa = XCRemoteSwiftPackageReference;
			repositoryURL = "https://github.com/onevcat/Kingfisher";
			requirement = {
				kind = upToNextMajorVersion;
				minimumVersion = 8.5.0;
			};
		};
/* End XCRemoteSwiftPackageReference section */

/* Begin XCSwiftPackageProductDependency section */
		36CAE2AD2E6D935800DF41A8 /* YouTubeiOSPlayerHelper */ = {
			isa = XCSwiftPackageProductDependency;
			package = 36CAE2AC2E6D92D000DF41A8 /* XCRemoteSwiftPackageReference "youtube-ios-player-helper" */;
			productName = YouTubeiOSPlayerHelper;
		};
		36CAE2AF2E6D935B00DF41A8 /* SnapKit */ = {
			isa = XCSwiftPackageProductDependency;
			package = 361CB1282E6D90E6001E7540 /* XCRemoteSwiftPackageReference "SnapKit" */;
			productName = SnapKit;
		};
		36CAE2B12E6D935E00DF41A8 /* Alamofire */ = {
			isa = XCSwiftPackageProductDependency;
			package = 361CB1272E6D90D5001E7540 /* XCRemoteSwiftPackageReference "Alamofire" */;
			productName = Alamofire;
		};
		36CAE2B42E6D93A600DF41A8 /* Kingfisher */ = {
			isa = XCSwiftPackageProductDependency;
			package = 36CAE2B32E6D938E00DF41A8 /* XCRemoteSwiftPackageReference "Kingfisher" */;
			productName = Kingfisher;
		};
/* End XCSwiftPackageProductDependency section */
	};
	rootObject = 36AAECA12C198E3D00532AF5 /* Project object */;
}
