// !$*UTF8*$!
{
	archiveVersion = 1;
	classes = {
	};
	objectVersion = 55;
	objects = {

/* Begin PBXBuildFile section */
		00732AA71FD757AF3A238AC7 /* libPods-YoutubeChat.a in Frameworks */ = {isa = PBXBuildFile; fileRef = 02D1A3C044AC297606CDC2D1 /* libPods-YoutubeChat.a */; };
		3602746D2C2E6F4D00A377FD /* ChatTableViewCell.swift in Sources */ = {isa = PBXBuildFile; fileRef = 3602746B2C2E6F4D00A377FD /* ChatTableViewCell.swift */; };
		3602746E2C2E6F4D00A377FD /* ChatTableViewCell.xib in Resources */ = {isa = PBXBuildFile; fileRef = 3602746C2C2E6F4D00A377FD /* ChatTableViewCell.xib */; };
		360274712C2E8C5500A377FD /* ImageChatWithProfileTableViewCell.swift in Sources */ = {isa = PBXBuildFile; fileRef = 3602746F2C2E8C5500A377FD /* ImageChatWithProfileTableViewCell.swift */; };
		360274722C2E8C5500A377FD /* ImageChatWithProfileTableViewCell.xib in Resources */ = {isa = PBXBuildFile; fileRef = 360274702C2E8C5500A377FD /* ImageChatWithProfileTableViewCell.xib */; };
		360274742C2E8E3D00A377FD /* ImageChatView.swift in Sources */ = {isa = PBXBuildFile; fileRef = 360274732C2E8E3D00A377FD /* ImageChatView.swift */; };
		361102BD2C3E402C00046BE1 /* ProfileManager.swift in Sources */ = {isa = PBXBuildFile; fileRef = 361102BC2C3E402C00046BE1 /* ProfileManager.swift */; };
		361102BF2C3E7CC200046BE1 /* ImageView.swift in Sources */ = {isa = PBXBuildFile; fileRef = 361102BE2C3E7CC200046BE1 /* ImageView.swift */; };
		361102C12C3EA17000046BE1 /* ChatViewModel.swift in Sources */ = {isa = PBXBuildFile; fileRef = 361102C02C3EA17000046BE1 /* ChatViewModel.swift */; };
		361B067A2C1AC96300BD529B /* Font.swift in Sources */ = {isa = PBXBuildFile; fileRef = 361B06792C1AC96300BD529B /* Font.swift */; };
		361B067C2C1ACD5800BD529B /* Label.swift in Sources */ = {isa = PBXBuildFile; fileRef = 361B067B2C1ACD5800BD529B /* Label.swift */; };
		361B067F2C1ACEE800BD529B /* ProfileView.swift in Sources */ = {isa = PBXBuildFile; fileRef = 361B067E2C1ACEE800BD529B /* ProfileView.swift */; };
		3625B0BB2C2BD16E00947E07 /* ProfileImageView.swift in Sources */ = {isa = PBXBuildFile; fileRef = 3625B0BA2C2BD16E00947E07 /* ProfileImageView.swift */; };
		3625B0BE2C2BE1FF00947E07 /* ChatViewController.swift in Sources */ = {isa = PBXBuildFile; fileRef = 3625B0BC2C2BE1FF00947E07 /* ChatViewController.swift */; };
		3625B0BF2C2BE1FF00947E07 /* ChatViewController.xib in Resources */ = {isa = PBXBuildFile; fileRef = 3625B0BD2C2BE1FF00947E07 /* ChatViewController.xib */; };
		3625B0C12C2BEA5A00947E07 /* ChatTextView.swift in Sources */ = {isa = PBXBuildFile; fileRef = 3625B0C02C2BEA5A00947E07 /* ChatTextView.swift */; };
		3625B0C42C2BEF8100947E07 /* ChatWithProfileTableViewCell.swift in Sources */ = {isa = PBXBuildFile; fileRef = 3625B0C22C2BEF8100947E07 /* ChatWithProfileTableViewCell.swift */; };
		3625B0C52C2BEF8100947E07 /* ChatWithProfileTableViewCell.xib in Resources */ = {isa = PBXBuildFile; fileRef = 3625B0C32C2BEF8100947E07 /* ChatWithProfileTableViewCell.xib */; };
		3625B0C72C2BF0F400947E07 /* MessageLabel.swift in Sources */ = {isa = PBXBuildFile; fileRef = 3625B0C62C2BF0F400947E07 /* MessageLabel.swift */; };
		3625B0C92C2C0DC600947E07 /* SDGothicTextView.swift in Sources */ = {isa = PBXBuildFile; fileRef = 3625B0C82C2C0DC600947E07 /* SDGothicTextView.swift */; };
		3639745E2C3794C2009C96CF /* NetworkManager.swift in Sources */ = {isa = PBXBuildFile; fileRef = 3639745D2C3794C2009C96CF /* NetworkManager.swift */; };
		363974602C379502009C96CF /* Costants.swift in Sources */ = {isa = PBXBuildFile; fileRef = 3639745F2C379502009C96CF /* Costants.swift */; };
		363974622C379595009C96CF /* ProfileViewModel.swift in Sources */ = {isa = PBXBuildFile; fileRef = 363974612C379595009C96CF /* ProfileViewModel.swift */; };
		3639746B2C37C294009C96CF /* ImageEditViewController.swift in Sources */ = {isa = PBXBuildFile; fileRef = 363974692C37C294009C96CF /* ImageEditViewController.swift */; };
		3639746C2C37C294009C96CF /* ImageEditViewController.xib in Resources */ = {isa = PBXBuildFile; fileRef = 3639746A2C37C294009C96CF /* ImageEditViewController.xib */; };
		3639746E2C37D9CF009C96CF /* ScrollView.swift in Sources */ = {isa = PBXBuildFile; fileRef = 3639746D2C37D9CF009C96CF /* ScrollView.swift */; };
		3655CB2B2C23041A0037F3DC /* Color.swift in Sources */ = {isa = PBXBuildFile; fileRef = 3655CB2A2C23041A0037F3DC /* Color.swift */; };
		365C9DAB2C25A855004936FB /* ConfirmButton.swift in Sources */ = {isa = PBXBuildFile; fileRef = 365C9DAA2C25A855004936FB /* ConfirmButton.swift */; };
		365C9DAD2C25C111004936FB /* ChatOptionCollectionViewCell.swift in Sources */ = {isa = PBXBuildFile; fileRef = 365C9DAC2C25C111004936FB /* ChatOptionCollectionViewCell.swift */; };
		368F7D202C296CC100A848CE /* ChatOption.swift in Sources */ = {isa = PBXBuildFile; fileRef = 368F7D1F2C296CC100A848CE /* ChatOption.swift */; };
		368F7D232C296F3400A848CE /* ProfileViewController.swift in Sources */ = {isa = PBXBuildFile; fileRef = 368F7D212C296F3400A848CE /* ProfileViewController.swift */; };
		368F7D242C296F3400A848CE /* ProfileViewController.xib in Resources */ = {isa = PBXBuildFile; fileRef = 368F7D222C296F3400A848CE /* ProfileViewController.xib */; };
		3695D4642C3F863000AEAC73 /* ChatInfo.swift in Sources */ = {isa = PBXBuildFile; fileRef = 3695D4632C3F863000AEAC73 /* ChatInfo.swift */; };
		3695D4672C3FABF400AEAC73 /* YoutubeChat.xcdatamodeld in Sources */ = {isa = PBXBuildFile; fileRef = 3695D4652C3FABF400AEAC73 /* YoutubeChat.xcdatamodeld */; };
		3695D46E2C3FB02F00AEAC73 /* CoreDataManager.swift in Sources */ = {isa = PBXBuildFile; fileRef = 3695D46D2C3FB02F00AEAC73 /* CoreDataManager.swift */; };
		3695D4702C3FB3B300AEAC73 /* MyChatInfo.swift in Sources */ = {isa = PBXBuildFile; fileRef = 3695D46F2C3FB3B300AEAC73 /* MyChatInfo.swift */; };
		36AAECAD2C198E3D00532AF5 /* AppDelegate.swift in Sources */ = {isa = PBXBuildFile; fileRef = 36AAECAC2C198E3D00532AF5 /* AppDelegate.swift */; };
		36AAECAF2C198E3D00532AF5 /* SceneDelegate.swift in Sources */ = {isa = PBXBuildFile; fileRef = 36AAECAE2C198E3D00532AF5 /* SceneDelegate.swift */; };
		36AAECB62C198E3E00532AF5 /* Assets.xcassets in Resources */ = {isa = PBXBuildFile; fileRef = 36AAECB52C198E3E00532AF5 /* Assets.xcassets */; };
		36AAECB92C198E3E00532AF5 /* LaunchScreen.storyboard in Resources */ = {isa = PBXBuildFile; fileRef = 36AAECB72C198E3E00532AF5 /* LaunchScreen.storyboard */; };
		36AAECC42C198E3E00532AF5 /* YoutubeChatTests.swift in Sources */ = {isa = PBXBuildFile; fileRef = 36AAECC32C198E3E00532AF5 /* YoutubeChatTests.swift */; };
		36AAECCE2C198E3E00532AF5 /* YoutubeChatUITests.swift in Sources */ = {isa = PBXBuildFile; fileRef = 36AAECCD2C198E3E00532AF5 /* YoutubeChatUITests.swift */; };
		36AAECD02C198E3E00532AF5 /* YoutubeChatUITestsLaunchTests.swift in Sources */ = {isa = PBXBuildFile; fileRef = 36AAECCF2C198E3E00532AF5 /* YoutubeChatUITestsLaunchTests.swift */; };
		36AAECE22C19A1A700532AF5 /* MainViewController.swift in Sources */ = {isa = PBXBuildFile; fileRef = 36AAECE02C19A1A700532AF5 /* MainViewController.swift */; };
		36AAECE32C19A1A700532AF5 /* MainViewController.xib in Resources */ = {isa = PBXBuildFile; fileRef = 36AAECE12C19A1A700532AF5 /* MainViewController.xib */; };
		36AF12DF2C2D084600166FBE /* ChatData.swift in Sources */ = {isa = PBXBuildFile; fileRef = 36AF12DE2C2D084600166FBE /* ChatData.swift */; };
		36AF12E12C2D088900166FBE /* User.swift in Sources */ = {isa = PBXBuildFile; fileRef = 36AF12E02C2D088900166FBE /* User.swift */; };
		36C1F4392C40BE69003CD06D /* WebSocketManager.swift in Sources */ = {isa = PBXBuildFile; fileRef = 36C1F4382C40BE69003CD06D /* WebSocketManager.swift */; };
		36C3A2AE2C1B401D008AE26F /* GroupChatTableViewCell.swift in Sources */ = {isa = PBXBuildFile; fileRef = 36C3A2AC2C1B401D008AE26F /* GroupChatTableViewCell.swift */; };
		36C3A2AF2C1B401D008AE26F /* GroupChatTableViewCell.xib in Resources */ = {isa = PBXBuildFile; fileRef = 36C3A2AD2C1B401D008AE26F /* GroupChatTableViewCell.xib */; };
		36C3A2B12C1B48C6008AE26F /* SDGothicLabel.swift in Sources */ = {isa = PBXBuildFile; fileRef = 36C3A2B02C1B48C6008AE26F /* SDGothicLabel.swift */; };
		36C9A4712C365852001D9A8B /* PlaylistViewModel.swift in Sources */ = {isa = PBXBuildFile; fileRef = 36C9A4702C365852001D9A8B /* PlaylistViewModel.swift */; };
		36CA84A22C32BB8F00427471 /* ImageChatTableViewCell.swift in Sources */ = {isa = PBXBuildFile; fileRef = 36CA84A02C32BB8F00427471 /* ImageChatTableViewCell.swift */; };
		36CA84A32C32BB8F00427471 /* ImageChatTableViewCell.xib in Resources */ = {isa = PBXBuildFile; fileRef = 36CA84A12C32BB8F00427471 /* ImageChatTableViewCell.xib */; };
		36DDD1182C2054F7005A16E1 /* GroupChatData.swift in Sources */ = {isa = PBXBuildFile; fileRef = 36DDD1172C2054F7005A16E1 /* GroupChatData.swift */; };
		36DDD11B2C2073A6005A16E1 /* CreateGroupChatViewController.swift in Sources */ = {isa = PBXBuildFile; fileRef = 36DDD1192C2073A6005A16E1 /* CreateGroupChatViewController.swift */; };
		36DDD11C2C2073A6005A16E1 /* CreateGroupChatViewController.xib in Resources */ = {isa = PBXBuildFile; fileRef = 36DDD11A2C2073A6005A16E1 /* CreateGroupChatViewController.xib */; };
		36DDD11E2C2076E7005A16E1 /* SDGothicButton.swift in Sources */ = {isa = PBXBuildFile; fileRef = 36DDD11D2C2076E7005A16E1 /* SDGothicButton.swift */; };
		36DDD1202C208027005A16E1 /* InputTextField.swift in Sources */ = {isa = PBXBuildFile; fileRef = 36DDD11F2C208027005A16E1 /* InputTextField.swift */; };
		36DE90EB2C48E1CA002FE3C0 /* NotificationName.swift in Sources */ = {isa = PBXBuildFile; fileRef = 36DE90EA2C48E1CA002FE3C0 /* NotificationName.swift */; };
		36E4F9F42C33F31300EC9285 /* YoutubeView.swift in Sources */ = {isa = PBXBuildFile; fileRef = 36E4F9F32C33F31300EC9285 /* YoutubeView.swift */; };
		36F351A62C351A3B0055BF64 /* PlaylistViewController.swift in Sources */ = {isa = PBXBuildFile; fileRef = 36F351A42C351A3B0055BF64 /* PlaylistViewController.swift */; };
		36F351A72C351A3B0055BF64 /* PlaylistViewController.xib in Resources */ = {isa = PBXBuildFile; fileRef = 36F351A52C351A3B0055BF64 /* PlaylistViewController.xib */; };
		36F351AA2C351C940055BF64 /* PlayListTableViewCell.swift in Sources */ = {isa = PBXBuildFile; fileRef = 36F351A82C351C940055BF64 /* PlayListTableViewCell.swift */; };
		36F351AB2C351C940055BF64 /* PlayListTableViewCell.xib in Resources */ = {isa = PBXBuildFile; fileRef = 36F351A92C351C940055BF64 /* PlayListTableViewCell.xib */; };
		36F351AD2C3523CB0055BF64 /* Video.swift in Sources */ = {isa = PBXBuildFile; fileRef = 36F351AC2C3523CB0055BF64 /* Video.swift */; };
		36F351B02C3525E20055BF64 /* APIManager.swift in Sources */ = {isa = PBXBuildFile; fileRef = 36F351AF2C3525E20055BF64 /* APIManager.swift */; };
		A3F361A04D1AEBAAE29CB3EB /* libPods-YoutubeChatTests.a in Frameworks */ = {isa = PBXBuildFile; fileRef = D6108E4493C50CF59E57E864 /* libPods-YoutubeChatTests.a */; };
		AF43E83CA5C723BC1BCE4C62 /* libPods-YoutubeChat-YoutubeChatUITests.a in Frameworks */ = {isa = PBXBuildFile; fileRef = 3014348FCCF82F2A9279C6B8 /* libPods-YoutubeChat-YoutubeChatUITests.a */; };
/* End PBXBuildFile section */

/* Begin PBXContainerItemProxy section */
		36AAECC02C198E3E00532AF5 /* PBXContainerItemProxy */ = {
			isa = PBXContainerItemProxy;
			containerPortal = 36AAECA12C198E3D00532AF5 /* Project object */;
			proxyType = 1;
			remoteGlobalIDString = 36AAECA82C198E3D00532AF5;
			remoteInfo = YoutubeChat;
		};
		36AAECCA2C198E3E00532AF5 /* PBXContainerItemProxy */ = {
			isa = PBXContainerItemProxy;
			containerPortal = 36AAECA12C198E3D00532AF5 /* Project object */;
			proxyType = 1;
			remoteGlobalIDString = 36AAECA82C198E3D00532AF5;
			remoteInfo = YoutubeChat;
		};
/* End PBXContainerItemProxy section */

/* Begin PBXFileReference section */
		02D1A3C044AC297606CDC2D1 /* libPods-YoutubeChat.a */ = {isa = PBXFileReference; explicitFileType = archive.ar; includeInIndex = 0; path = "libPods-YoutubeChat.a"; sourceTree = BUILT_PRODUCTS_DIR; };
		27F2F2CCB376CA2B9000933A /* Pods-YoutubeChat.release.xcconfig */ = {isa = PBXFileReference; includeInIndex = 1; lastKnownFileType = text.xcconfig; name = "Pods-YoutubeChat.release.xcconfig"; path = "Target Support Files/Pods-YoutubeChat/Pods-YoutubeChat.release.xcconfig"; sourceTree = "<group>"; };
		3014348FCCF82F2A9279C6B8 /* libPods-YoutubeChat-YoutubeChatUITests.a */ = {isa = PBXFileReference; explicitFileType = archive.ar; includeInIndex = 0; path = "libPods-YoutubeChat-YoutubeChatUITests.a"; sourceTree = BUILT_PRODUCTS_DIR; };
		3602746B2C2E6F4D00A377FD /* ChatTableViewCell.swift */ = {isa = PBXFileReference; lastKnownFileType = sourcecode.swift; path = ChatTableViewCell.swift; sourceTree = "<group>"; };
		3602746C2C2E6F4D00A377FD /* ChatTableViewCell.xib */ = {isa = PBXFileReference; lastKnownFileType = file.xib; path = ChatTableViewCell.xib; sourceTree = "<group>"; };
		3602746F2C2E8C5500A377FD /* ImageChatWithProfileTableViewCell.swift */ = {isa = PBXFileReference; lastKnownFileType = sourcecode.swift; path = ImageChatWithProfileTableViewCell.swift; sourceTree = "<group>"; };
		360274702C2E8C5500A377FD /* ImageChatWithProfileTableViewCell.xib */ = {isa = PBXFileReference; lastKnownFileType = file.xib; path = ImageChatWithProfileTableViewCell.xib; sourceTree = "<group>"; };
		360274732C2E8E3D00A377FD /* ImageChatView.swift */ = {isa = PBXFileReference; lastKnownFileType = sourcecode.swift; path = ImageChatView.swift; sourceTree = "<group>"; };
		361102BC2C3E402C00046BE1 /* ProfileManager.swift */ = {isa = PBXFileReference; lastKnownFileType = sourcecode.swift; path = ProfileManager.swift; sourceTree = "<group>"; };
		361102BE2C3E7CC200046BE1 /* ImageView.swift */ = {isa = PBXFileReference; lastKnownFileType = sourcecode.swift; path = ImageView.swift; sourceTree = "<group>"; };
		361102C02C3EA17000046BE1 /* ChatViewModel.swift */ = {isa = PBXFileReference; lastKnownFileType = sourcecode.swift; path = ChatViewModel.swift; sourceTree = "<group>"; };
		361B06792C1AC96300BD529B /* Font.swift */ = {isa = PBXFileReference; lastKnownFileType = sourcecode.swift; path = Font.swift; sourceTree = "<group>"; };
		361B067B2C1ACD5800BD529B /* Label.swift */ = {isa = PBXFileReference; lastKnownFileType = sourcecode.swift; path = Label.swift; sourceTree = "<group>"; };
		361B067E2C1ACEE800BD529B /* ProfileView.swift */ = {isa = PBXFileReference; lastKnownFileType = sourcecode.swift; path = ProfileView.swift; sourceTree = "<group>"; };
		3625B0BA2C2BD16E00947E07 /* ProfileImageView.swift */ = {isa = PBXFileReference; lastKnownFileType = sourcecode.swift; path = ProfileImageView.swift; sourceTree = "<group>"; };
		3625B0BC2C2BE1FF00947E07 /* ChatViewController.swift */ = {isa = PBXFileReference; lastKnownFileType = sourcecode.swift; path = ChatViewController.swift; sourceTree = "<group>"; };
		3625B0BD2C2BE1FF00947E07 /* ChatViewController.xib */ = {isa = PBXFileReference; lastKnownFileType = file.xib; path = ChatViewController.xib; sourceTree = "<group>"; };
		3625B0C02C2BEA5A00947E07 /* ChatTextView.swift */ = {isa = PBXFileReference; lastKnownFileType = sourcecode.swift; path = ChatTextView.swift; sourceTree = "<group>"; };
		3625B0C22C2BEF8100947E07 /* ChatWithProfileTableViewCell.swift */ = {isa = PBXFileReference; lastKnownFileType = sourcecode.swift; path = ChatWithProfileTableViewCell.swift; sourceTree = "<group>"; };
		3625B0C32C2BEF8100947E07 /* ChatWithProfileTableViewCell.xib */ = {isa = PBXFileReference; lastKnownFileType = file.xib; path = ChatWithProfileTableViewCell.xib; sourceTree = "<group>"; };
		3625B0C62C2BF0F400947E07 /* MessageLabel.swift */ = {isa = PBXFileReference; lastKnownFileType = sourcecode.swift; path = MessageLabel.swift; sourceTree = "<group>"; };
		3625B0C82C2C0DC600947E07 /* SDGothicTextView.swift */ = {isa = PBXFileReference; lastKnownFileType = sourcecode.swift; path = SDGothicTextView.swift; sourceTree = "<group>"; };
		3639745D2C3794C2009C96CF /* NetworkManager.swift */ = {isa = PBXFileReference; lastKnownFileType = sourcecode.swift; path = NetworkManager.swift; sourceTree = "<group>"; };
		3639745F2C379502009C96CF /* Costants.swift */ = {isa = PBXFileReference; lastKnownFileType = sourcecode.swift; path = Costants.swift; sourceTree = "<group>"; };
		363974612C379595009C96CF /* ProfileViewModel.swift */ = {isa = PBXFileReference; lastKnownFileType = sourcecode.swift; path = ProfileViewModel.swift; sourceTree = "<group>"; };
		363974692C37C294009C96CF /* ImageEditViewController.swift */ = {isa = PBXFileReference; lastKnownFileType = sourcecode.swift; path = ImageEditViewController.swift; sourceTree = "<group>"; };
		3639746A2C37C294009C96CF /* ImageEditViewController.xib */ = {isa = PBXFileReference; lastKnownFileType = file.xib; path = ImageEditViewController.xib; sourceTree = "<group>"; };
		3639746D2C37D9CF009C96CF /* ScrollView.swift */ = {isa = PBXFileReference; lastKnownFileType = sourcecode.swift; path = ScrollView.swift; sourceTree = "<group>"; };
		3655CB2A2C23041A0037F3DC /* Color.swift */ = {isa = PBXFileReference; lastKnownFileType = sourcecode.swift; path = Color.swift; sourceTree = "<group>"; };
		365C9DAA2C25A855004936FB /* ConfirmButton.swift */ = {isa = PBXFileReference; lastKnownFileType = sourcecode.swift; path = ConfirmButton.swift; sourceTree = "<group>"; };
		365C9DAC2C25C111004936FB /* ChatOptionCollectionViewCell.swift */ = {isa = PBXFileReference; lastKnownFileType = sourcecode.swift; path = ChatOptionCollectionViewCell.swift; sourceTree = "<group>"; };
		368F7D1F2C296CC100A848CE /* ChatOption.swift */ = {isa = PBXFileReference; lastKnownFileType = sourcecode.swift; path = ChatOption.swift; sourceTree = "<group>"; };
		368F7D212C296F3400A848CE /* ProfileViewController.swift */ = {isa = PBXFileReference; lastKnownFileType = sourcecode.swift; path = ProfileViewController.swift; sourceTree = "<group>"; };
		368F7D222C296F3400A848CE /* ProfileViewController.xib */ = {isa = PBXFileReference; lastKnownFileType = file.xib; path = ProfileViewController.xib; sourceTree = "<group>"; };
		3695D4632C3F863000AEAC73 /* ChatInfo.swift */ = {isa = PBXFileReference; lastKnownFileType = sourcecode.swift; path = ChatInfo.swift; sourceTree = "<group>"; };
		3695D4662C3FABF400AEAC73 /* YoutubeChat.xcdatamodel */ = {isa = PBXFileReference; lastKnownFileType = wrapper.xcdatamodel; path = YoutubeChat.xcdatamodel; sourceTree = "<group>"; };
		3695D46D2C3FB02F00AEAC73 /* CoreDataManager.swift */ = {isa = PBXFileReference; lastKnownFileType = sourcecode.swift; path = CoreDataManager.swift; sourceTree = "<group>"; };
		3695D46F2C3FB3B300AEAC73 /* MyChatInfo.swift */ = {isa = PBXFileReference; lastKnownFileType = sourcecode.swift; path = MyChatInfo.swift; sourceTree = "<group>"; };
		36AAECA92C198E3D00532AF5 /* YoutubeChat.app */ = {isa = PBXFileReference; explicitFileType = wrapper.application; includeInIndex = 0; path = YoutubeChat.app; sourceTree = BUILT_PRODUCTS_DIR; };
		36AAECAC2C198E3D00532AF5 /* AppDelegate.swift */ = {isa = PBXFileReference; lastKnownFileType = sourcecode.swift; path = AppDelegate.swift; sourceTree = "<group>"; };
		36AAECAE2C198E3D00532AF5 /* SceneDelegate.swift */ = {isa = PBXFileReference; lastKnownFileType = sourcecode.swift; path = SceneDelegate.swift; sourceTree = "<group>"; };
		36AAECB52C198E3E00532AF5 /* Assets.xcassets */ = {isa = PBXFileReference; lastKnownFileType = folder.assetcatalog; path = Assets.xcassets; sourceTree = "<group>"; };
		36AAECB82C198E3E00532AF5 /* Base */ = {isa = PBXFileReference; lastKnownFileType = file.storyboard; name = Base; path = Base.lproj/LaunchScreen.storyboard; sourceTree = "<group>"; };
		36AAECBA2C198E3E00532AF5 /* Info.plist */ = {isa = PBXFileReference; lastKnownFileType = text.plist.xml; path = Info.plist; sourceTree = "<group>"; };
		36AAECBF2C198E3E00532AF5 /* YoutubeChatTests.xctest */ = {isa = PBXFileReference; explicitFileType = wrapper.cfbundle; includeInIndex = 0; path = YoutubeChatTests.xctest; sourceTree = BUILT_PRODUCTS_DIR; };
		36AAECC32C198E3E00532AF5 /* YoutubeChatTests.swift */ = {isa = PBXFileReference; lastKnownFileType = sourcecode.swift; path = YoutubeChatTests.swift; sourceTree = "<group>"; };
		36AAECC92C198E3E00532AF5 /* YoutubeChatUITests.xctest */ = {isa = PBXFileReference; explicitFileType = wrapper.cfbundle; includeInIndex = 0; path = YoutubeChatUITests.xctest; sourceTree = BUILT_PRODUCTS_DIR; };
		36AAECCD2C198E3E00532AF5 /* YoutubeChatUITests.swift */ = {isa = PBXFileReference; lastKnownFileType = sourcecode.swift; path = YoutubeChatUITests.swift; sourceTree = "<group>"; };
		36AAECCF2C198E3E00532AF5 /* YoutubeChatUITestsLaunchTests.swift */ = {isa = PBXFileReference; lastKnownFileType = sourcecode.swift; path = YoutubeChatUITestsLaunchTests.swift; sourceTree = "<group>"; };
		36AAECE02C19A1A700532AF5 /* MainViewController.swift */ = {isa = PBXFileReference; lastKnownFileType = sourcecode.swift; path = MainViewController.swift; sourceTree = "<group>"; };
		36AAECE12C19A1A700532AF5 /* MainViewController.xib */ = {isa = PBXFileReference; lastKnownFileType = file.xib; path = MainViewController.xib; sourceTree = "<group>"; };
		36AF12DE2C2D084600166FBE /* ChatData.swift */ = {isa = PBXFileReference; lastKnownFileType = sourcecode.swift; path = ChatData.swift; sourceTree = "<group>"; };
		36AF12E02C2D088900166FBE /* User.swift */ = {isa = PBXFileReference; lastKnownFileType = sourcecode.swift; path = User.swift; sourceTree = "<group>"; };
		36C1F4382C40BE69003CD06D /* WebSocketManager.swift */ = {isa = PBXFileReference; lastKnownFileType = sourcecode.swift; path = WebSocketManager.swift; sourceTree = "<group>"; };
		36C3A2AC2C1B401D008AE26F /* GroupChatTableViewCell.swift */ = {isa = PBXFileReference; lastKnownFileType = sourcecode.swift; path = GroupChatTableViewCell.swift; sourceTree = "<group>"; };
		36C3A2AD2C1B401D008AE26F /* GroupChatTableViewCell.xib */ = {isa = PBXFileReference; lastKnownFileType = file.xib; path = GroupChatTableViewCell.xib; sourceTree = "<group>"; };
		36C3A2B02C1B48C6008AE26F /* SDGothicLabel.swift */ = {isa = PBXFileReference; lastKnownFileType = sourcecode.swift; path = SDGothicLabel.swift; sourceTree = "<group>"; };
		36C9A4702C365852001D9A8B /* PlaylistViewModel.swift */ = {isa = PBXFileReference; lastKnownFileType = sourcecode.swift; path = PlaylistViewModel.swift; sourceTree = "<group>"; };
		36CA84A02C32BB8F00427471 /* ImageChatTableViewCell.swift */ = {isa = PBXFileReference; lastKnownFileType = sourcecode.swift; path = ImageChatTableViewCell.swift; sourceTree = "<group>"; };
		36CA84A12C32BB8F00427471 /* ImageChatTableViewCell.xib */ = {isa = PBXFileReference; lastKnownFileType = file.xib; path = ImageChatTableViewCell.xib; sourceTree = "<group>"; };
		36DDD1172C2054F7005A16E1 /* GroupChatData.swift */ = {isa = PBXFileReference; lastKnownFileType = sourcecode.swift; path = GroupChatData.swift; sourceTree = "<group>"; };
		36DDD1192C2073A6005A16E1 /* CreateGroupChatViewController.swift */ = {isa = PBXFileReference; lastKnownFileType = sourcecode.swift; path = CreateGroupChatViewController.swift; sourceTree = "<group>"; };
		36DDD11A2C2073A6005A16E1 /* CreateGroupChatViewController.xib */ = {isa = PBXFileReference; lastKnownFileType = file.xib; path = CreateGroupChatViewController.xib; sourceTree = "<group>"; };
		36DDD11D2C2076E7005A16E1 /* SDGothicButton.swift */ = {isa = PBXFileReference; lastKnownFileType = sourcecode.swift; path = SDGothicButton.swift; sourceTree = "<group>"; };
		36DDD11F2C208027005A16E1 /* InputTextField.swift */ = {isa = PBXFileReference; lastKnownFileType = sourcecode.swift; path = InputTextField.swift; sourceTree = "<group>"; };
		36DE90EA2C48E1CA002FE3C0 /* NotificationName.swift */ = {isa = PBXFileReference; lastKnownFileType = sourcecode.swift; path = NotificationName.swift; sourceTree = "<group>"; };
		36E4F9F32C33F31300EC9285 /* YoutubeView.swift */ = {isa = PBXFileReference; lastKnownFileType = sourcecode.swift; path = YoutubeView.swift; sourceTree = "<group>"; };
		36F351A42C351A3B0055BF64 /* PlaylistViewController.swift */ = {isa = PBXFileReference; lastKnownFileType = sourcecode.swift; path = PlaylistViewController.swift; sourceTree = "<group>"; };
		36F351A52C351A3B0055BF64 /* PlaylistViewController.xib */ = {isa = PBXFileReference; lastKnownFileType = file.xib; path = PlaylistViewController.xib; sourceTree = "<group>"; };
		36F351A82C351C940055BF64 /* PlayListTableViewCell.swift */ = {isa = PBXFileReference; lastKnownFileType = sourcecode.swift; path = PlayListTableViewCell.swift; sourceTree = "<group>"; };
		36F351A92C351C940055BF64 /* PlayListTableViewCell.xib */ = {isa = PBXFileReference; lastKnownFileType = file.xib; path = PlayListTableViewCell.xib; sourceTree = "<group>"; };
		36F351AC2C3523CB0055BF64 /* Video.swift */ = {isa = PBXFileReference; lastKnownFileType = sourcecode.swift; path = Video.swift; sourceTree = "<group>"; };
		36F351AF2C3525E20055BF64 /* APIManager.swift */ = {isa = PBXFileReference; lastKnownFileType = sourcecode.swift; path = APIManager.swift; sourceTree = "<group>"; };
		489401D437C7792BFEEF6CEE /* Pods-YoutubeChatTests.debug.xcconfig */ = {isa = PBXFileReference; includeInIndex = 1; lastKnownFileType = text.xcconfig; name = "Pods-YoutubeChatTests.debug.xcconfig"; path = "Target Support Files/Pods-YoutubeChatTests/Pods-YoutubeChatTests.debug.xcconfig"; sourceTree = "<group>"; };
		5566D2ABE3F193DF04A2EE06 /* Pods-YoutubeChat.debug.xcconfig */ = {isa = PBXFileReference; includeInIndex = 1; lastKnownFileType = text.xcconfig; name = "Pods-YoutubeChat.debug.xcconfig"; path = "Target Support Files/Pods-YoutubeChat/Pods-YoutubeChat.debug.xcconfig"; sourceTree = "<group>"; };
		60D83BB5E525AABE0F41E883 /* Pods-YoutubeChat-YoutubeChatUITests.debug.xcconfig */ = {isa = PBXFileReference; includeInIndex = 1; lastKnownFileType = text.xcconfig; name = "Pods-YoutubeChat-YoutubeChatUITests.debug.xcconfig"; path = "Target Support Files/Pods-YoutubeChat-YoutubeChatUITests/Pods-YoutubeChat-YoutubeChatUITests.debug.xcconfig"; sourceTree = "<group>"; };
		6AE33EEDFD43DC2521395A90 /* Pods-YoutubeChatTests.release.xcconfig */ = {isa = PBXFileReference; includeInIndex = 1; lastKnownFileType = text.xcconfig; name = "Pods-YoutubeChatTests.release.xcconfig"; path = "Target Support Files/Pods-YoutubeChatTests/Pods-YoutubeChatTests.release.xcconfig"; sourceTree = "<group>"; };
		CCB0D06B0984E33879DE2139 /* Pods-YoutubeChat-YoutubeChatUITests.release.xcconfig */ = {isa = PBXFileReference; includeInIndex = 1; lastKnownFileType = text.xcconfig; name = "Pods-YoutubeChat-YoutubeChatUITests.release.xcconfig"; path = "Target Support Files/Pods-YoutubeChat-YoutubeChatUITests/Pods-YoutubeChat-YoutubeChatUITests.release.xcconfig"; sourceTree = "<group>"; };
		D6108E4493C50CF59E57E864 /* libPods-YoutubeChatTests.a */ = {isa = PBXFileReference; explicitFileType = archive.ar; includeInIndex = 0; path = "libPods-YoutubeChatTests.a"; sourceTree = BUILT_PRODUCTS_DIR; };
/* End PBXFileReference section */

/* Begin PBXFrameworksBuildPhase section */
		36AAECA62C198E3D00532AF5 /* Frameworks */ = {
			isa = PBXFrameworksBuildPhase;
			buildActionMask = 2147483647;
			files = (
				00732AA71FD757AF3A238AC7 /* libPods-YoutubeChat.a in Frameworks */,
			);
			runOnlyForDeploymentPostprocessing = 0;
		};
		36AAECBC2C198E3E00532AF5 /* Frameworks */ = {
			isa = PBXFrameworksBuildPhase;
			buildActionMask = 2147483647;
			files = (
				A3F361A04D1AEBAAE29CB3EB /* libPods-YoutubeChatTests.a in Frameworks */,
			);
			runOnlyForDeploymentPostprocessing = 0;
		};
		36AAECC62C198E3E00532AF5 /* Frameworks */ = {
			isa = PBXFrameworksBuildPhase;
			buildActionMask = 2147483647;
			files = (
				AF43E83CA5C723BC1BCE4C62 /* libPods-YoutubeChat-YoutubeChatUITests.a in Frameworks */,
			);
			runOnlyForDeploymentPostprocessing = 0;
		};
/* End PBXFrameworksBuildPhase section */

/* Begin PBXGroup section */
		3602746A2C2E6F1600A377FD /* TableViewCell */ = {
			isa = PBXGroup;
			children = (
				36C3A2AC2C1B401D008AE26F /* GroupChatTableViewCell.swift */,
				36C3A2AD2C1B401D008AE26F /* GroupChatTableViewCell.xib */,
				365C9DAC2C25C111004936FB /* ChatOptionCollectionViewCell.swift */,
				3625B0C22C2BEF8100947E07 /* ChatWithProfileTableViewCell.swift */,
				3625B0C32C2BEF8100947E07 /* ChatWithProfileTableViewCell.xib */,
				3602746B2C2E6F4D00A377FD /* ChatTableViewCell.swift */,
				3602746C2C2E6F4D00A377FD /* ChatTableViewCell.xib */,
				3602746F2C2E8C5500A377FD /* ImageChatWithProfileTableViewCell.swift */,
				360274702C2E8C5500A377FD /* ImageChatWithProfileTableViewCell.xib */,
				36CA84A02C32BB8F00427471 /* ImageChatTableViewCell.swift */,
				36CA84A12C32BB8F00427471 /* ImageChatTableViewCell.xib */,
				36F351A82C351C940055BF64 /* PlayListTableViewCell.swift */,
				36F351A92C351C940055BF64 /* PlayListTableViewCell.xib */,
			);
			path = TableViewCell;
			sourceTree = "<group>";
		};
		361B06762C1ABB4B00BD529B /* SupportViews */ = {
			isa = PBXGroup;
			children = (
				3602746A2C2E6F1600A377FD /* TableViewCell */,
				361B067E2C1ACEE800BD529B /* ProfileView.swift */,
				36C3A2B02C1B48C6008AE26F /* SDGothicLabel.swift */,
				36DDD11D2C2076E7005A16E1 /* SDGothicButton.swift */,
				36DDD11F2C208027005A16E1 /* InputTextField.swift */,
				365C9DAA2C25A855004936FB /* ConfirmButton.swift */,
				3625B0BA2C2BD16E00947E07 /* ProfileImageView.swift */,
				3625B0C02C2BEA5A00947E07 /* ChatTextView.swift */,
				3625B0C62C2BF0F400947E07 /* MessageLabel.swift */,
				3625B0C82C2C0DC600947E07 /* SDGothicTextView.swift */,
				360274732C2E8E3D00A377FD /* ImageChatView.swift */,
				36E4F9F32C33F31300EC9285 /* YoutubeView.swift */,
			);
			path = SupportViews;
			sourceTree = "<group>";
		};
		361B067D2C1ACEBA00BD529B /* ExtensionViews */ = {
			isa = PBXGroup;
			children = (
				361B06792C1AC96300BD529B /* Font.swift */,
				361B067B2C1ACD5800BD529B /* Label.swift */,
				3655CB2A2C23041A0037F3DC /* Color.swift */,
				3639746D2C37D9CF009C96CF /* ScrollView.swift */,
				361102BE2C3E7CC200046BE1 /* ImageView.swift */,
			);
			path = ExtensionViews;
			sourceTree = "<group>";
		};
		3695D4682C3FAD6D00AEAC73 /* Core Data */ = {
			isa = PBXGroup;
			children = (
				3695D4652C3FABF400AEAC73 /* YoutubeChat.xcdatamodeld */,
				3695D46D2C3FB02F00AEAC73 /* CoreDataManager.swift */,
			);
			path = "Core Data";
			sourceTree = "<group>";
		};
		36AAECA02C198E3D00532AF5 = {
			isa = PBXGroup;
			children = (
				36AAECAB2C198E3D00532AF5 /* YoutubeChat */,
				36AAECC22C198E3E00532AF5 /* YoutubeChatTests */,
				36AAECCC2C198E3E00532AF5 /* YoutubeChatUITests */,
				36AAECAA2C198E3D00532AF5 /* Products */,
				DB7EC9D9EFDF84AE5E35EAC4 /* Pods */,
				615A91403C2D84CABB40B270 /* Frameworks */,
			);
			sourceTree = "<group>";
		};
		36AAECAA2C198E3D00532AF5 /* Products */ = {
			isa = PBXGroup;
			children = (
				36AAECA92C198E3D00532AF5 /* YoutubeChat.app */,
				36AAECBF2C198E3E00532AF5 /* YoutubeChatTests.xctest */,
				36AAECC92C198E3E00532AF5 /* YoutubeChatUITests.xctest */,
			);
			name = Products;
			sourceTree = "<group>";
		};
		36AAECAB2C198E3D00532AF5 /* YoutubeChat */ = {
			isa = PBXGroup;
			children = (
				36AAECAC2C198E3D00532AF5 /* AppDelegate.swift */,
				36AAECAE2C198E3D00532AF5 /* SceneDelegate.swift */,
				361102BC2C3E402C00046BE1 /* ProfileManager.swift */,
				36AAECDD2C19A00600532AF5 /* ViewController */,
				36AAECDE2C19A00E00532AF5 /* ViewModel */,
				36AAECDF2C19A01400532AF5 /* Model */,
				361B06762C1ABB4B00BD529B /* SupportViews */,
				36F351AE2C35259A0055BF64 /* Network */,
				361B067D2C1ACEBA00BD529B /* ExtensionViews */,
				3695D4682C3FAD6D00AEAC73 /* Core Data */,
				36AAECB52C198E3E00532AF5 /* Assets.xcassets */,
				36AAECB72C198E3E00532AF5 /* LaunchScreen.storyboard */,
				36AAECBA2C198E3E00532AF5 /* Info.plist */,
			);
			path = YoutubeChat;
			sourceTree = "<group>";
		};
		36AAECC22C198E3E00532AF5 /* YoutubeChatTests */ = {
			isa = PBXGroup;
			children = (
				36AAECC32C198E3E00532AF5 /* YoutubeChatTests.swift */,
			);
			path = YoutubeChatTests;
			sourceTree = "<group>";
		};
		36AAECCC2C198E3E00532AF5 /* YoutubeChatUITests */ = {
			isa = PBXGroup;
			children = (
				36AAECCD2C198E3E00532AF5 /* YoutubeChatUITests.swift */,
				36AAECCF2C198E3E00532AF5 /* YoutubeChatUITestsLaunchTests.swift */,
			);
			path = YoutubeChatUITests;
			sourceTree = "<group>";
		};
		36AAECDD2C19A00600532AF5 /* ViewController */ = {
			isa = PBXGroup;
			children = (
				36AAECE02C19A1A700532AF5 /* MainViewController.swift */,
				36AAECE12C19A1A700532AF5 /* MainViewController.xib */,
				36DDD1192C2073A6005A16E1 /* CreateGroupChatViewController.swift */,
				36DDD11A2C2073A6005A16E1 /* CreateGroupChatViewController.xib */,
				368F7D212C296F3400A848CE /* ProfileViewController.swift */,
				368F7D222C296F3400A848CE /* ProfileViewController.xib */,
				3625B0BC2C2BE1FF00947E07 /* ChatViewController.swift */,
				3625B0BD2C2BE1FF00947E07 /* ChatViewController.xib */,
				36F351A42C351A3B0055BF64 /* PlaylistViewController.swift */,
				36F351A52C351A3B0055BF64 /* PlaylistViewController.xib */,
				363974692C37C294009C96CF /* ImageEditViewController.swift */,
				3639746A2C37C294009C96CF /* ImageEditViewController.xib */,
			);
			path = ViewController;
			sourceTree = "<group>";
		};
		36AAECDE2C19A00E00532AF5 /* ViewModel */ = {
			isa = PBXGroup;
			children = (
				36C9A4702C365852001D9A8B /* PlaylistViewModel.swift */,
				363974612C379595009C96CF /* ProfileViewModel.swift */,
				361102C02C3EA17000046BE1 /* ChatViewModel.swift */,
			);
			path = ViewModel;
			sourceTree = "<group>";
		};
		36AAECDF2C19A01400532AF5 /* Model */ = {
			isa = PBXGroup;
			children = (
				36DDD1172C2054F7005A16E1 /* GroupChatData.swift */,
				368F7D1F2C296CC100A848CE /* ChatOption.swift */,
				36AF12DE2C2D084600166FBE /* ChatData.swift */,
				36AF12E02C2D088900166FBE /* User.swift */,
				36F351AC2C3523CB0055BF64 /* Video.swift */,
				3695D4632C3F863000AEAC73 /* ChatInfo.swift */,
				3695D46F2C3FB3B300AEAC73 /* MyChatInfo.swift */,
			);
			path = Model;
			sourceTree = "<group>";
		};
		36F351AE2C35259A0055BF64 /* Network */ = {
			isa = PBXGroup;
			children = (
				36F351AF2C3525E20055BF64 /* APIManager.swift */,
				3639745D2C3794C2009C96CF /* NetworkManager.swift */,
				3639745F2C379502009C96CF /* Costants.swift */,
				36C1F4382C40BE69003CD06D /* WebSocketManager.swift */,
				36DE90EA2C48E1CA002FE3C0 /* NotificationName.swift */,
			);
			path = Network;
			sourceTree = "<group>";
		};
		615A91403C2D84CABB40B270 /* Frameworks */ = {
			isa = PBXGroup;
			children = (
				02D1A3C044AC297606CDC2D1 /* libPods-YoutubeChat.a */,
				3014348FCCF82F2A9279C6B8 /* libPods-YoutubeChat-YoutubeChatUITests.a */,
				D6108E4493C50CF59E57E864 /* libPods-YoutubeChatTests.a */,
			);
			name = Frameworks;
			sourceTree = "<group>";
		};
		DB7EC9D9EFDF84AE5E35EAC4 /* Pods */ = {
			isa = PBXGroup;
			children = (
				5566D2ABE3F193DF04A2EE06 /* Pods-YoutubeChat.debug.xcconfig */,
				27F2F2CCB376CA2B9000933A /* Pods-YoutubeChat.release.xcconfig */,
				60D83BB5E525AABE0F41E883 /* Pods-YoutubeChat-YoutubeChatUITests.debug.xcconfig */,
				CCB0D06B0984E33879DE2139 /* Pods-YoutubeChat-YoutubeChatUITests.release.xcconfig */,
				489401D437C7792BFEEF6CEE /* Pods-YoutubeChatTests.debug.xcconfig */,
				6AE33EEDFD43DC2521395A90 /* Pods-YoutubeChatTests.release.xcconfig */,
			);
			path = Pods;
			sourceTree = "<group>";
		};
/* End PBXGroup section */

/* Begin PBXNativeTarget section */
		36AAECA82C198E3D00532AF5 /* YoutubeChat */ = {
			isa = PBXNativeTarget;
			buildConfigurationList = 36AAECD32C198E3E00532AF5 /* Build configuration list for PBXNativeTarget "YoutubeChat" */;
			buildPhases = (
				D1F451FB08E96A00937D44DD /* [CP] Check Pods Manifest.lock */,
				36AAECA52C198E3D00532AF5 /* Sources */,
				36AAECA62C198E3D00532AF5 /* Frameworks */,
				36AAECA72C198E3D00532AF5 /* Resources */,
			);
			buildRules = (
			);
			dependencies = (
			);
			name = YoutubeChat;
			productName = YoutubeChat;
			productReference = 36AAECA92C198E3D00532AF5 /* YoutubeChat.app */;
			productType = "com.apple.product-type.application";
		};
		36AAECBE2C198E3E00532AF5 /* YoutubeChatTests */ = {
			isa = PBXNativeTarget;
			buildConfigurationList = 36AAECD62C198E3E00532AF5 /* Build configuration list for PBXNativeTarget "YoutubeChatTests" */;
			buildPhases = (
				01D6B6BB28DA4C40D5FE89BD /* [CP] Check Pods Manifest.lock */,
				36AAECBB2C198E3E00532AF5 /* Sources */,
				36AAECBC2C198E3E00532AF5 /* Frameworks */,
				36AAECBD2C198E3E00532AF5 /* Resources */,
			);
			buildRules = (
			);
			dependencies = (
				36AAECC12C198E3E00532AF5 /* PBXTargetDependency */,
			);
			name = YoutubeChatTests;
			productName = YoutubeChatTests;
			productReference = 36AAECBF2C198E3E00532AF5 /* YoutubeChatTests.xctest */;
			productType = "com.apple.product-type.bundle.unit-test";
		};
		36AAECC82C198E3E00532AF5 /* YoutubeChatUITests */ = {
			isa = PBXNativeTarget;
			buildConfigurationList = 36AAECD92C198E3E00532AF5 /* Build configuration list for PBXNativeTarget "YoutubeChatUITests" */;
			buildPhases = (
				0679F3F880571485D23214F0 /* [CP] Check Pods Manifest.lock */,
				36AAECC52C198E3E00532AF5 /* Sources */,
				36AAECC62C198E3E00532AF5 /* Frameworks */,
				36AAECC72C198E3E00532AF5 /* Resources */,
			);
			buildRules = (
			);
			dependencies = (
				36AAECCB2C198E3E00532AF5 /* PBXTargetDependency */,
			);
			name = YoutubeChatUITests;
			productName = YoutubeChatUITests;
			productReference = 36AAECC92C198E3E00532AF5 /* YoutubeChatUITests.xctest */;
			productType = "com.apple.product-type.bundle.ui-testing";
		};
/* End PBXNativeTarget section */

/* Begin PBXProject section */
		36AAECA12C198E3D00532AF5 /* Project object */ = {
			isa = PBXProject;
			attributes = {
				BuildIndependentTargetsInParallel = 1;
				LastSwiftUpdateCheck = 1520;
				LastUpgradeCheck = 1520;
				TargetAttributes = {
					36AAECA82C198E3D00532AF5 = {
						CreatedOnToolsVersion = 15.2;
					};
					36AAECBE2C198E3E00532AF5 = {
						CreatedOnToolsVersion = 15.2;
						TestTargetID = 36AAECA82C198E3D00532AF5;
					};
					36AAECC82C198E3E00532AF5 = {
						CreatedOnToolsVersion = 15.2;
						TestTargetID = 36AAECA82C198E3D00532AF5;
					};
				};
			};
			buildConfigurationList = 36AAECA42C198E3D00532AF5 /* Build configuration list for PBXProject "YoutubeChat" */;
			compatibilityVersion = "Xcode 13.0";
			developmentRegion = en;
			hasScannedForEncodings = 0;
			knownRegions = (
				en,
				Base,
			);
			mainGroup = 36AAECA02C198E3D00532AF5;
			productRefGroup = 36AAECAA2C198E3D00532AF5 /* Products */;
			projectDirPath = "";
			projectRoot = "";
			targets = (
				36AAECA82C198E3D00532AF5 /* YoutubeChat */,
				36AAECBE2C198E3E00532AF5 /* YoutubeChatTests */,
				36AAECC82C198E3E00532AF5 /* YoutubeChatUITests */,
			);
		};
/* End PBXProject section */

/* Begin PBXResourcesBuildPhase section */
		36AAECA72C198E3D00532AF5 /* Resources */ = {
			isa = PBXResourcesBuildPhase;
			buildActionMask = 2147483647;
			files = (
				36F351A72C351A3B0055BF64 /* PlaylistViewController.xib in Resources */,
				368F7D242C296F3400A848CE /* ProfileViewController.xib in Resources */,
				3602746E2C2E6F4D00A377FD /* ChatTableViewCell.xib in Resources */,
				36AAECB92C198E3E00532AF5 /* LaunchScreen.storyboard in Resources */,
				3639746C2C37C294009C96CF /* ImageEditViewController.xib in Resources */,
				3625B0C52C2BEF8100947E07 /* ChatWithProfileTableViewCell.xib in Resources */,
				3625B0BF2C2BE1FF00947E07 /* ChatViewController.xib in Resources */,
				36AAECE32C19A1A700532AF5 /* MainViewController.xib in Resources */,
				36AAECB62C198E3E00532AF5 /* Assets.xcassets in Resources */,
				360274722C2E8C5500A377FD /* ImageChatWithProfileTableViewCell.xib in Resources */,
				36CA84A32C32BB8F00427471 /* ImageChatTableViewCell.xib in Resources */,
				36DDD11C2C2073A6005A16E1 /* CreateGroupChatViewController.xib in Resources */,
				36C3A2AF2C1B401D008AE26F /* GroupChatTableViewCell.xib in Resources */,
				36F351AB2C351C940055BF64 /* PlayListTableViewCell.xib in Resources */,
			);
			runOnlyForDeploymentPostprocessing = 0;
		};
		36AAECBD2C198E3E00532AF5 /* Resources */ = {
			isa = PBXResourcesBuildPhase;
			buildActionMask = 2147483647;
			files = (
			);
			runOnlyForDeploymentPostprocessing = 0;
		};
		36AAECC72C198E3E00532AF5 /* Resources */ = {
			isa = PBXResourcesBuildPhase;
			buildActionMask = 2147483647;
			files = (
			);
			runOnlyForDeploymentPostprocessing = 0;
		};
/* End PBXResourcesBuildPhase section */

/* Begin PBXShellScriptBuildPhase section */
		01D6B6BB28DA4C40D5FE89BD /* [CP] Check Pods Manifest.lock */ = {
			isa = PBXShellScriptBuildPhase;
			buildActionMask = 2147483647;
			files = (
			);
			inputFileListPaths = (
			);
			inputPaths = (
				"${PODS_PODFILE_DIR_PATH}/Podfile.lock",
				"${PODS_ROOT}/Manifest.lock",
			);
			name = "[CP] Check Pods Manifest.lock";
			outputFileListPaths = (
			);
			outputPaths = (
				"$(DERIVED_FILE_DIR)/Pods-YoutubeChatTests-checkManifestLockResult.txt",
			);
			runOnlyForDeploymentPostprocessing = 0;
			shellPath = /bin/sh;
			shellScript = "diff \"${PODS_PODFILE_DIR_PATH}/Podfile.lock\" \"${PODS_ROOT}/Manifest.lock\" > /dev/null\nif [ $? != 0 ] ; then\n    # print error to STDERR\n    echo \"error: The sandbox is not in sync with the Podfile.lock. Run 'pod install' or update your CocoaPods installation.\" >&2\n    exit 1\nfi\n# This output is used by Xcode 'outputs' to avoid re-running this script phase.\necho \"SUCCESS\" > \"${SCRIPT_OUTPUT_FILE_0}\"\n";
			showEnvVarsInLog = 0;
		};
		0679F3F880571485D23214F0 /* [CP] Check Pods Manifest.lock */ = {
			isa = PBXShellScriptBuildPhase;
			buildActionMask = 2147483647;
			files = (
			);
			inputFileListPaths = (
			);
			inputPaths = (
				"${PODS_PODFILE_DIR_PATH}/Podfile.lock",
				"${PODS_ROOT}/Manifest.lock",
			);
			name = "[CP] Check Pods Manifest.lock";
			outputFileListPaths = (
			);
			outputPaths = (
				"$(DERIVED_FILE_DIR)/Pods-YoutubeChat-YoutubeChatUITests-checkManifestLockResult.txt",
			);
			runOnlyForDeploymentPostprocessing = 0;
			shellPath = /bin/sh;
			shellScript = "diff \"${PODS_PODFILE_DIR_PATH}/Podfile.lock\" \"${PODS_ROOT}/Manifest.lock\" > /dev/null\nif [ $? != 0 ] ; then\n    # print error to STDERR\n    echo \"error: The sandbox is not in sync with the Podfile.lock. Run 'pod install' or update your CocoaPods installation.\" >&2\n    exit 1\nfi\n# This output is used by Xcode 'outputs' to avoid re-running this script phase.\necho \"SUCCESS\" > \"${SCRIPT_OUTPUT_FILE_0}\"\n";
			showEnvVarsInLog = 0;
		};
		D1F451FB08E96A00937D44DD /* [CP] Check Pods Manifest.lock */ = {
			isa = PBXShellScriptBuildPhase;
			buildActionMask = 2147483647;
			files = (
			);
			inputFileListPaths = (
			);
			inputPaths = (
				"${PODS_PODFILE_DIR_PATH}/Podfile.lock",
				"${PODS_ROOT}/Manifest.lock",
			);
			name = "[CP] Check Pods Manifest.lock";
			outputFileListPaths = (
			);
			outputPaths = (
				"$(DERIVED_FILE_DIR)/Pods-YoutubeChat-checkManifestLockResult.txt",
			);
			runOnlyForDeploymentPostprocessing = 0;
			shellPath = /bin/sh;
			shellScript = "diff \"${PODS_PODFILE_DIR_PATH}/Podfile.lock\" \"${PODS_ROOT}/Manifest.lock\" > /dev/null\nif [ $? != 0 ] ; then\n    # print error to STDERR\n    echo \"error: The sandbox is not in sync with the Podfile.lock. Run 'pod install' or update your CocoaPods installation.\" >&2\n    exit 1\nfi\n# This output is used by Xcode 'outputs' to avoid re-running this script phase.\necho \"SUCCESS\" > \"${SCRIPT_OUTPUT_FILE_0}\"\n";
			showEnvVarsInLog = 0;
		};
/* End PBXShellScriptBuildPhase section */

/* Begin PBXSourcesBuildPhase section */
		36AAECA52C198E3D00532AF5 /* Sources */ = {
			isa = PBXSourcesBuildPhase;
			buildActionMask = 2147483647;
			files = (
				36F351B02C3525E20055BF64 /* APIManager.swift in Sources */,
				36CA84A22C32BB8F00427471 /* ImageChatTableViewCell.swift in Sources */,
				361B067A2C1AC96300BD529B /* Font.swift in Sources */,
				3625B0C42C2BEF8100947E07 /* ChatWithProfileTableViewCell.swift in Sources */,
				368F7D232C296F3400A848CE /* ProfileViewController.swift in Sources */,
				36AF12E12C2D088900166FBE /* User.swift in Sources */,
				3695D4702C3FB3B300AEAC73 /* MyChatInfo.swift in Sources */,
				36AF12DF2C2D084600166FBE /* ChatData.swift in Sources */,
				36C3A2AE2C1B401D008AE26F /* GroupChatTableViewCell.swift in Sources */,
				36F351AD2C3523CB0055BF64 /* Video.swift in Sources */,
				3625B0C92C2C0DC600947E07 /* SDGothicTextView.swift in Sources */,
				368F7D202C296CC100A848CE /* ChatOption.swift in Sources */,
				361102C12C3EA17000046BE1 /* ChatViewModel.swift in Sources */,
				36AAECE22C19A1A700532AF5 /* MainViewController.swift in Sources */,
				361102BF2C3E7CC200046BE1 /* ImageView.swift in Sources */,
				36DDD1202C208027005A16E1 /* InputTextField.swift in Sources */,
				36F351AA2C351C940055BF64 /* PlayListTableViewCell.swift in Sources */,
				3695D46E2C3FB02F00AEAC73 /* CoreDataManager.swift in Sources */,
				3625B0BB2C2BD16E00947E07 /* ProfileImageView.swift in Sources */,
				3695D4642C3F863000AEAC73 /* ChatInfo.swift in Sources */,
				3639746B2C37C294009C96CF /* ImageEditViewController.swift in Sources */,
				3695D4672C3FABF400AEAC73 /* YoutubeChat.xcdatamodeld in Sources */,
				36F351A62C351A3B0055BF64 /* PlaylistViewController.swift in Sources */,
				3602746D2C2E6F4D00A377FD /* ChatTableViewCell.swift in Sources */,
				3639746E2C37D9CF009C96CF /* ScrollView.swift in Sources */,
				36C9A4712C365852001D9A8B /* PlaylistViewModel.swift in Sources */,
				3655CB2B2C23041A0037F3DC /* Color.swift in Sources */,
				365C9DAD2C25C111004936FB /* ChatOptionCollectionViewCell.swift in Sources */,
				363974622C379595009C96CF /* ProfileViewModel.swift in Sources */,
				36C3A2B12C1B48C6008AE26F /* SDGothicLabel.swift in Sources */,
				36E4F9F42C33F31300EC9285 /* YoutubeView.swift in Sources */,
				36DE90EB2C48E1CA002FE3C0 /* NotificationName.swift in Sources */,
				3639745E2C3794C2009C96CF /* NetworkManager.swift in Sources */,
				36DDD11B2C2073A6005A16E1 /* CreateGroupChatViewController.swift in Sources */,
				3625B0BE2C2BE1FF00947E07 /* ChatViewController.swift in Sources */,
				3625B0C72C2BF0F400947E07 /* MessageLabel.swift in Sources */,
				36C1F4392C40BE69003CD06D /* WebSocketManager.swift in Sources */,
				361B067C2C1ACD5800BD529B /* Label.swift in Sources */,
				361102BD2C3E402C00046BE1 /* ProfileManager.swift in Sources */,
				36DDD11E2C2076E7005A16E1 /* SDGothicButton.swift in Sources */,
				36AAECAD2C198E3D00532AF5 /* AppDelegate.swift in Sources */,
				363974602C379502009C96CF /* Costants.swift in Sources */,
				360274712C2E8C5500A377FD /* ImageChatWithProfileTableViewCell.swift in Sources */,
				365C9DAB2C25A855004936FB /* ConfirmButton.swift in Sources */,
				361B067F2C1ACEE800BD529B /* ProfileView.swift in Sources */,
				360274742C2E8E3D00A377FD /* ImageChatView.swift in Sources */,
				36DDD1182C2054F7005A16E1 /* GroupChatData.swift in Sources */,
				36AAECAF2C198E3D00532AF5 /* SceneDelegate.swift in Sources */,
				3625B0C12C2BEA5A00947E07 /* ChatTextView.swift in Sources */,
			);
			runOnlyForDeploymentPostprocessing = 0;
		};
		36AAECBB2C198E3E00532AF5 /* Sources */ = {
			isa = PBXSourcesBuildPhase;
			buildActionMask = 2147483647;
			files = (
				36AAECC42C198E3E00532AF5 /* YoutubeChatTests.swift in Sources */,
			);
			runOnlyForDeploymentPostprocessing = 0;
		};
		36AAECC52C198E3E00532AF5 /* Sources */ = {
			isa = PBXSourcesBuildPhase;
			buildActionMask = 2147483647;
			files = (
				36AAECD02C198E3E00532AF5 /* YoutubeChatUITestsLaunchTests.swift in Sources */,
				36AAECCE2C198E3E00532AF5 /* YoutubeChatUITests.swift in Sources */,
			);
			runOnlyForDeploymentPostprocessing = 0;
		};
/* End PBXSourcesBuildPhase section */

/* Begin PBXTargetDependency section */
		36AAECC12C198E3E00532AF5 /* PBXTargetDependency */ = {
			isa = PBXTargetDependency;
			target = 36AAECA82C198E3D00532AF5 /* YoutubeChat */;
			targetProxy = 36AAECC02C198E3E00532AF5 /* PBXContainerItemProxy */;
		};
		36AAECCB2C198E3E00532AF5 /* PBXTargetDependency */ = {
			isa = PBXTargetDependency;
			target = 36AAECA82C198E3D00532AF5 /* YoutubeChat */;
			targetProxy = 36AAECCA2C198E3E00532AF5 /* PBXContainerItemProxy */;
		};
/* End PBXTargetDependency section */

/* Begin PBXVariantGroup section */
		36AAECB72C198E3E00532AF5 /* LaunchScreen.storyboard */ = {
			isa = PBXVariantGroup;
			children = (
				36AAECB82C198E3E00532AF5 /* Base */,
			);
			name = LaunchScreen.storyboard;
			sourceTree = "<group>";
		};
/* End PBXVariantGroup section */

/* Begin XCBuildConfiguration section */
		36AAECD12C198E3E00532AF5 /* Debug */ = {
			isa = XCBuildConfiguration;
			buildSettings = {
				ALWAYS_SEARCH_USER_PATHS = NO;
				ASSETCATALOG_COMPILER_GENERATE_SWIFT_ASSET_SYMBOL_EXTENSIONS = YES;
				CLANG_ANALYZER_NONNULL = YES;
				CLANG_ANALYZER_NUMBER_OBJECT_CONVERSION = YES_AGGRESSIVE;
				CLANG_CXX_LANGUAGE_STANDARD = "gnu++20";
				CLANG_ENABLE_MODULES = YES;
				CLANG_ENABLE_OBJC_ARC = YES;
				CLANG_ENABLE_OBJC_WEAK = YES;
				CLANG_WARN_BLOCK_CAPTURE_AUTORELEASING = YES;
				CLANG_WARN_BOOL_CONVERSION = YES;
				CLANG_WARN_COMMA = YES;
				CLANG_WARN_CONSTANT_CONVERSION = YES;
				CLANG_WARN_DEPRECATED_OBJC_IMPLEMENTATIONS = YES;
				CLANG_WARN_DIRECT_OBJC_ISA_USAGE = YES_ERROR;
				CLANG_WARN_DOCUMENTATION_COMMENTS = YES;
				CLANG_WARN_EMPTY_BODY = YES;
				CLANG_WARN_ENUM_CONVERSION = YES;
				CLANG_WARN_INFINITE_RECURSION = YES;
				CLANG_WARN_INT_CONVERSION = YES;
				CLANG_WARN_NON_LITERAL_NULL_CONVERSION = YES;
				CLANG_WARN_OBJC_IMPLICIT_RETAIN_SELF = YES;
				CLANG_WARN_OBJC_LITERAL_CONVERSION = YES;
				CLANG_WARN_OBJC_ROOT_CLASS = YES_ERROR;
				CLANG_WARN_QUOTED_INCLUDE_IN_FRAMEWORK_HEADER = YES;
				CLANG_WARN_RANGE_LOOP_ANALYSIS = YES;
				CLANG_WARN_STRICT_PROTOTYPES = YES;
				CLANG_WARN_SUSPICIOUS_MOVE = YES;
				CLANG_WARN_UNGUARDED_AVAILABILITY = YES_AGGRESSIVE;
				CLANG_WARN_UNREACHABLE_CODE = YES;
				CLANG_WARN__DUPLICATE_METHOD_MATCH = YES;
				COPY_PHASE_STRIP = NO;
				DEBUG_INFORMATION_FORMAT = dwarf;
				ENABLE_STRICT_OBJC_MSGSEND = YES;
				ENABLE_TESTABILITY = YES;
				ENABLE_USER_SCRIPT_SANDBOXING = YES;
				GCC_C_LANGUAGE_STANDARD = gnu17;
				GCC_DYNAMIC_NO_PIC = NO;
				GCC_NO_COMMON_BLOCKS = YES;
				GCC_OPTIMIZATION_LEVEL = 0;
				GCC_PREPROCESSOR_DEFINITIONS = (
					"DEBUG=1",
					"$(inherited)",
				);
				GCC_WARN_64_TO_32_BIT_CONVERSION = YES;
				GCC_WARN_ABOUT_RETURN_TYPE = YES_ERROR;
				GCC_WARN_UNDECLARED_SELECTOR = YES;
				GCC_WARN_UNINITIALIZED_AUTOS = YES_AGGRESSIVE;
				GCC_WARN_UNUSED_FUNCTION = YES;
				GCC_WARN_UNUSED_VARIABLE = YES;
				IPHONEOS_DEPLOYMENT_TARGET = 17.2;
				LOCALIZATION_PREFERS_STRING_CATALOGS = YES;
				MTL_ENABLE_DEBUG_INFO = INCLUDE_SOURCE;
				MTL_FAST_MATH = YES;
				ONLY_ACTIVE_ARCH = YES;
				SDKROOT = iphoneos;
				SWIFT_ACTIVE_COMPILATION_CONDITIONS = "DEBUG $(inherited)";
				SWIFT_OPTIMIZATION_LEVEL = "-Onone";
			};
			name = Debug;
		};
		36AAECD22C198E3E00532AF5 /* Release */ = {
			isa = XCBuildConfiguration;
			buildSettings = {
				ALWAYS_SEARCH_USER_PATHS = NO;
				ASSETCATALOG_COMPILER_GENERATE_SWIFT_ASSET_SYMBOL_EXTENSIONS = YES;
				CLANG_ANALYZER_NONNULL = YES;
				CLANG_ANALYZER_NUMBER_OBJECT_CONVERSION = YES_AGGRESSIVE;
				CLANG_CXX_LANGUAGE_STANDARD = "gnu++20";
				CLANG_ENABLE_MODULES = YES;
				CLANG_ENABLE_OBJC_ARC = YES;
				CLANG_ENABLE_OBJC_WEAK = YES;
				CLANG_WARN_BLOCK_CAPTURE_AUTORELEASING = YES;
				CLANG_WARN_BOOL_CONVERSION = YES;
				CLANG_WARN_COMMA = YES;
				CLANG_WARN_CONSTANT_CONVERSION = YES;
				CLANG_WARN_DEPRECATED_OBJC_IMPLEMENTATIONS = YES;
				CLANG_WARN_DIRECT_OBJC_ISA_USAGE = YES_ERROR;
				CLANG_WARN_DOCUMENTATION_COMMENTS = YES;
				CLANG_WARN_EMPTY_BODY = YES;
				CLANG_WARN_ENUM_CONVERSION = YES;
				CLANG_WARN_INFINITE_RECURSION = YES;
				CLANG_WARN_INT_CONVERSION = YES;
				CLANG_WARN_NON_LITERAL_NULL_CONVERSION = YES;
				CLANG_WARN_OBJC_IMPLICIT_RETAIN_SELF = YES;
				CLANG_WARN_OBJC_LITERAL_CONVERSION = YES;
				CLANG_WARN_OBJC_ROOT_CLASS = YES_ERROR;
				CLANG_WARN_QUOTED_INCLUDE_IN_FRAMEWORK_HEADER = YES;
				CLANG_WARN_RANGE_LOOP_ANALYSIS = YES;
				CLANG_WARN_STRICT_PROTOTYPES = YES;
				CLANG_WARN_SUSPICIOUS_MOVE = YES;
				CLANG_WARN_UNGUARDED_AVAILABILITY = YES_AGGRESSIVE;
				CLANG_WARN_UNREACHABLE_CODE = YES;
				CLANG_WARN__DUPLICATE_METHOD_MATCH = YES;
				COPY_PHASE_STRIP = NO;
				DEBUG_INFORMATION_FORMAT = "dwarf-with-dsym";
				ENABLE_NS_ASSERTIONS = NO;
				ENABLE_STRICT_OBJC_MSGSEND = YES;
				ENABLE_USER_SCRIPT_SANDBOXING = YES;
				GCC_C_LANGUAGE_STANDARD = gnu17;
				GCC_NO_COMMON_BLOCKS = YES;
				GCC_WARN_64_TO_32_BIT_CONVERSION = YES;
				GCC_WARN_ABOUT_RETURN_TYPE = YES_ERROR;
				GCC_WARN_UNDECLARED_SELECTOR = YES;
				GCC_WARN_UNINITIALIZED_AUTOS = YES_AGGRESSIVE;
				GCC_WARN_UNUSED_FUNCTION = YES;
				GCC_WARN_UNUSED_VARIABLE = YES;
				IPHONEOS_DEPLOYMENT_TARGET = 17.2;
				LOCALIZATION_PREFERS_STRING_CATALOGS = YES;
				MTL_ENABLE_DEBUG_INFO = NO;
				MTL_FAST_MATH = YES;
				SDKROOT = iphoneos;
				SWIFT_COMPILATION_MODE = wholemodule;
				VALIDATE_PRODUCT = YES;
			};
			name = Release;
		};
		36AAECD42C198E3E00532AF5 /* Debug */ = {
			isa = XCBuildConfiguration;
			baseConfigurationReference = 5566D2ABE3F193DF04A2EE06 /* Pods-YoutubeChat.debug.xcconfig */;
			buildSettings = {
				ASSETCATALOG_COMPILER_APPICON_NAME = AppIcon;
				ASSETCATALOG_COMPILER_GLOBAL_ACCENT_COLOR_NAME = AccentColor;
				CODE_SIGN_STYLE = Automatic;
				CURRENT_PROJECT_VERSION = 1;
				DEVELOPMENT_TEAM = SG72AH33ZM;
				GENERATE_INFOPLIST_FILE = YES;
				INFOPLIST_FILE = YoutubeChat/Info.plist;
				INFOPLIST_KEY_UIApplicationSupportsIndirectInputEvents = YES;
				INFOPLIST_KEY_UILaunchStoryboardName = LaunchScreen;
				INFOPLIST_KEY_UIMainStoryboardFile = "";
				INFOPLIST_KEY_UISupportedInterfaceOrientations_iPad = "UIInterfaceOrientationPortrait UIInterfaceOrientationPortraitUpsideDown UIInterfaceOrientationLandscapeLeft UIInterfaceOrientationLandscapeRight";
				INFOPLIST_KEY_UISupportedInterfaceOrientations_iPhone = "UIInterfaceOrientationPortrait UIInterfaceOrientationLandscapeLeft UIInterfaceOrientationLandscapeRight";
				IPHONEOS_DEPLOYMENT_TARGET = 14.0;
				LD_RUNPATH_SEARCH_PATHS = (
					"$(inherited)",
					"@executable_path/Frameworks",
				);
				MARKETING_VERSION = 1.0;
				PRODUCT_BUNDLE_IDENTIFIER = com.8zipcore.YoutubeChat;
				PRODUCT_NAME = "$(TARGET_NAME)";
				SWIFT_EMIT_LOC_STRINGS = YES;
				SWIFT_VERSION = 5.0;
				TARGETED_DEVICE_FAMILY = "1,2";
			};
			name = Debug;
		};
		36AAECD52C198E3E00532AF5 /* Release */ = {
			isa = XCBuildConfiguration;
			baseConfigurationReference = 27F2F2CCB376CA2B9000933A /* Pods-YoutubeChat.release.xcconfig */;
			buildSettings = {
				ASSETCATALOG_COMPILER_APPICON_NAME = AppIcon;
				ASSETCATALOG_COMPILER_GLOBAL_ACCENT_COLOR_NAME = AccentColor;
				CODE_SIGN_STYLE = Automatic;
				CURRENT_PROJECT_VERSION = 1;
				DEVELOPMENT_TEAM = SG72AH33ZM;
				GENERATE_INFOPLIST_FILE = YES;
				INFOPLIST_FILE = YoutubeChat/Info.plist;
				INFOPLIST_KEY_UIApplicationSupportsIndirectInputEvents = YES;
				INFOPLIST_KEY_UILaunchStoryboardName = LaunchScreen;
				INFOPLIST_KEY_UIMainStoryboardFile = "";
				INFOPLIST_KEY_UISupportedInterfaceOrientations_iPad = "UIInterfaceOrientationPortrait UIInterfaceOrientationPortraitUpsideDown UIInterfaceOrientationLandscapeLeft UIInterfaceOrientationLandscapeRight";
				INFOPLIST_KEY_UISupportedInterfaceOrientations_iPhone = "UIInterfaceOrientationPortrait UIInterfaceOrientationLandscapeLeft UIInterfaceOrientationLandscapeRight";
				IPHONEOS_DEPLOYMENT_TARGET = 14.0;
				LD_RUNPATH_SEARCH_PATHS = (
					"$(inherited)",
					"@executable_path/Frameworks",
				);
				MARKETING_VERSION = 1.0;
				PRODUCT_BUNDLE_IDENTIFIER = com.8zipcore.YoutubeChat;
				PRODUCT_NAME = "$(TARGET_NAME)";
				SWIFT_EMIT_LOC_STRINGS = YES;
				SWIFT_VERSION = 5.0;
				TARGETED_DEVICE_FAMILY = "1,2";
			};
			name = Release;
		};
		36AAECD72C198E3E00532AF5 /* Debug */ = {
			isa = XCBuildConfiguration;
			baseConfigurationReference = 489401D437C7792BFEEF6CEE /* Pods-YoutubeChatTests.debug.xcconfig */;
			buildSettings = {
				ALWAYS_EMBED_SWIFT_STANDARD_LIBRARIES = YES;
				BUNDLE_LOADER = "$(TEST_HOST)";
				CODE_SIGN_STYLE = Automatic;
				CURRENT_PROJECT_VERSION = 1;
				DEVELOPMENT_TEAM = SG72AH33ZM;
				GENERATE_INFOPLIST_FILE = YES;
				IPHONEOS_DEPLOYMENT_TARGET = 17.2;
				MARKETING_VERSION = 1.0;
				PRODUCT_BUNDLE_IDENTIFIER = com.8zipcore.YoutubeChatTests;
				PRODUCT_NAME = "$(TARGET_NAME)";
				SWIFT_EMIT_LOC_STRINGS = NO;
				SWIFT_VERSION = 5.0;
				TARGETED_DEVICE_FAMILY = "1,2";
				TEST_HOST = "$(BUILT_PRODUCTS_DIR)/YoutubeChat.app/$(BUNDLE_EXECUTABLE_FOLDER_PATH)/YoutubeChat";
			};
			name = Debug;
		};
		36AAECD82C198E3E00532AF5 /* Release */ = {
			isa = XCBuildConfiguration;
			baseConfigurationReference = 6AE33EEDFD43DC2521395A90 /* Pods-YoutubeChatTests.release.xcconfig */;
			buildSettings = {
				ALWAYS_EMBED_SWIFT_STANDARD_LIBRARIES = YES;
				BUNDLE_LOADER = "$(TEST_HOST)";
				CODE_SIGN_STYLE = Automatic;
				CURRENT_PROJECT_VERSION = 1;
				DEVELOPMENT_TEAM = SG72AH33ZM;
				GENERATE_INFOPLIST_FILE = YES;
				IPHONEOS_DEPLOYMENT_TARGET = 17.2;
				MARKETING_VERSION = 1.0;
				PRODUCT_BUNDLE_IDENTIFIER = com.8zipcore.YoutubeChatTests;
				PRODUCT_NAME = "$(TARGET_NAME)";
				SWIFT_EMIT_LOC_STRINGS = NO;
				SWIFT_VERSION = 5.0;
				TARGETED_DEVICE_FAMILY = "1,2";
				TEST_HOST = "$(BUILT_PRODUCTS_DIR)/YoutubeChat.app/$(BUNDLE_EXECUTABLE_FOLDER_PATH)/YoutubeChat";
			};
			name = Release;
		};
		36AAECDA2C198E3E00532AF5 /* Debug */ = {
			isa = XCBuildConfiguration;
			baseConfigurationReference = 60D83BB5E525AABE0F41E883 /* Pods-YoutubeChat-YoutubeChatUITests.debug.xcconfig */;
			buildSettings = {
				ALWAYS_EMBED_SWIFT_STANDARD_LIBRARIES = YES;
				CODE_SIGN_STYLE = Automatic;
				CURRENT_PROJECT_VERSION = 1;
				DEVELOPMENT_TEAM = SG72AH33ZM;
				GENERATE_INFOPLIST_FILE = YES;
				MARKETING_VERSION = 1.0;
				PRODUCT_BUNDLE_IDENTIFIER = com.8zipcore.YoutubeChatUITests;
				PRODUCT_NAME = "$(TARGET_NAME)";
				SWIFT_EMIT_LOC_STRINGS = NO;
				SWIFT_VERSION = 5.0;
				TARGETED_DEVICE_FAMILY = "1,2";
				TEST_TARGET_NAME = YoutubeChat;
			};
			name = Debug;
		};
		36AAECDB2C198E3E00532AF5 /* Release */ = {
			isa = XCBuildConfiguration;
			baseConfigurationReference = CCB0D06B0984E33879DE2139 /* Pods-YoutubeChat-YoutubeChatUITests.release.xcconfig */;
			buildSettings = {
				ALWAYS_EMBED_SWIFT_STANDARD_LIBRARIES = YES;
				CODE_SIGN_STYLE = Automatic;
				CURRENT_PROJECT_VERSION = 1;
				DEVELOPMENT_TEAM = SG72AH33ZM;
				GENERATE_INFOPLIST_FILE = YES;
				MARKETING_VERSION = 1.0;
				PRODUCT_BUNDLE_IDENTIFIER = com.8zipcore.YoutubeChatUITests;
				PRODUCT_NAME = "$(TARGET_NAME)";
				SWIFT_EMIT_LOC_STRINGS = NO;
				SWIFT_VERSION = 5.0;
				TARGETED_DEVICE_FAMILY = "1,2";
				TEST_TARGET_NAME = YoutubeChat;
			};
			name = Release;
		};
/* End XCBuildConfiguration section */

/* Begin XCConfigurationList section */
		36AAECA42C198E3D00532AF5 /* Build configuration list for PBXProject "YoutubeChat" */ = {
			isa = XCConfigurationList;
			buildConfigurations = (
				36AAECD12C198E3E00532AF5 /* Debug */,
				36AAECD22C198E3E00532AF5 /* Release */,
			);
			defaultConfigurationIsVisible = 0;
			defaultConfigurationName = Release;
		};
		36AAECD32C198E3E00532AF5 /* Build configuration list for PBXNativeTarget "YoutubeChat" */ = {
			isa = XCConfigurationList;
			buildConfigurations = (
				36AAECD42C198E3E00532AF5 /* Debug */,
				36AAECD52C198E3E00532AF5 /* Release */,
			);
			defaultConfigurationIsVisible = 0;
			defaultConfigurationName = Release;
		};
		36AAECD62C198E3E00532AF5 /* Build configuration list for PBXNativeTarget "YoutubeChatTests" */ = {
			isa = XCConfigurationList;
			buildConfigurations = (
				36AAECD72C198E3E00532AF5 /* Debug */,
				36AAECD82C198E3E00532AF5 /* Release */,
			);
			defaultConfigurationIsVisible = 0;
			defaultConfigurationName = Release;
		};
		36AAECD92C198E3E00532AF5 /* Build configuration list for PBXNativeTarget "YoutubeChatUITests" */ = {
			isa = XCConfigurationList;
			buildConfigurations = (
				36AAECDA2C198E3E00532AF5 /* Debug */,
				36AAECDB2C198E3E00532AF5 /* Release */,
			);
			defaultConfigurationIsVisible = 0;
			defaultConfigurationName = Release;
		};
/* End XCConfigurationList section */

/* Begin XCVersionGroup section */
		3695D4652C3FABF400AEAC73 /* YoutubeChat.xcdatamodeld */ = {
			isa = XCVersionGroup;
			children = (
				3695D4662C3FABF400AEAC73 /* YoutubeChat.xcdatamodel */,
			);
			currentVersion = 3695D4662C3FABF400AEAC73 /* YoutubeChat.xcdatamodel */;
			path = YoutubeChat.xcdatamodeld;
			sourceTree = "<group>";
			versionGroupType = wrapper.xcdatamodel;
		};
/* End XCVersionGroup section */
	};
	rootObject = 36AAECA12C198E3D00532AF5 /* Project object */;
}
